// !$*UTF8*$!
{
	archiveVersion = 1;
	classes = {
	};
	objectVersion = 51;
	objects = {

/* Begin PBXBuildFile section */
		066D5753C97ABC7E87D159F7 /* Pods_Map4D_ViewModelTests.framework in Frameworks */ = {isa = PBXBuildFile; fileRef = 7BA99D1F34BE8139B3200149 /* Pods_Map4D_ViewModelTests.framework */; };
		1C0E6F9D12C2C9AD6D3E44A6 /* Pods_Map4D.framework in Frameworks */ = {isa = PBXBuildFile; fileRef = AD698F30BC84354FCF6A05C8 /* Pods_Map4D.framework */; };
		46954FA67FA5724B3FCBB473 /* Pods_Map4DTests.framework in Frameworks */ = {isa = PBXBuildFile; fileRef = B7223CE27FE3F68972007998 /* Pods_Map4DTests.framework */; };
		553391AF7F148C9DAE3A0009 /* Pods_Map4D_Map4DUITests.framework in Frameworks */ = {isa = PBXBuildFile; fileRef = 6C68D3501F4E1BA032257201 /* Pods_Map4D_Map4DUITests.framework */; };
		71AC4819A85A35CF5446C1DF /* Pods_Model.framework in Frameworks */ = {isa = PBXBuildFile; fileRef = E5D8A5109C3EFC48D0C56098 /* Pods_Model.framework */; };
		7B509D68FE80813403336C36 /* Pods_Map4D_ModelTests.framework in Frameworks */ = {isa = PBXBuildFile; fileRef = 38E52664A82F0366DE599513 /* Pods_Map4D_ModelTests.framework */; };
		B8716EF247DB068B228724A7 /* Pods_ViewModel.framework in Frameworks */ = {isa = PBXBuildFile; fileRef = C0C46E08DC50A64EA9B7E090 /* Pods_ViewModel.framework */; };
		D10BEDA526AD3A9800EDB809 /* Model.framework in Frameworks */ = {isa = PBXBuildFile; fileRef = D10BED9C26AD3A9700EDB809 /* Model.framework */; };
		D10BEDAC26AD3A9800EDB809 /* ModelTests.swift in Sources */ = {isa = PBXBuildFile; fileRef = D10BEDAB26AD3A9800EDB809 /* ModelTests.swift */; };
		D10BEDAE26AD3A9800EDB809 /* Model.h in Headers */ = {isa = PBXBuildFile; fileRef = D10BED9E26AD3A9700EDB809 /* Model.h */; settings = {ATTRIBUTES = (Public, ); }; };
		D10BEDB126AD3A9800EDB809 /* Model.framework in Frameworks */ = {isa = PBXBuildFile; fileRef = D10BED9C26AD3A9700EDB809 /* Model.framework */; };
		D10BEDB226AD3A9800EDB809 /* Model.framework in Embed Frameworks */ = {isa = PBXBuildFile; fileRef = D10BED9C26AD3A9700EDB809 /* Model.framework */; settings = {ATTRIBUTES = (CodeSignOnCopy, RemoveHeadersOnCopy, ); }; };
		D10BEDC026AD3AAD00EDB809 /* Place.swift in Sources */ = {isa = PBXBuildFile; fileRef = D10BEDBF26AD3AAD00EDB809 /* Place.swift */; };
		D10BEF0526AD42D100EDB809 /* Colors.xcassets in Resources */ = {isa = PBXBuildFile; fileRef = D10BEF0326AD42D100EDB809 /* Colors.xcassets */; };
		D10BEF0626AD42D100EDB809 /* Images.xcassets in Resources */ = {isa = PBXBuildFile; fileRef = D10BEF0426AD42D100EDB809 /* Images.xcassets */; };
		D10BF0ED26AD727300EDB809 /* OpenSans-SemiBold.ttf in Resources */ = {isa = PBXBuildFile; fileRef = D10BF0E726AD727200EDB809 /* OpenSans-SemiBold.ttf */; };
		D10BF0EE26AD727300EDB809 /* OpenSans-Bold.ttf in Resources */ = {isa = PBXBuildFile; fileRef = D10BF0E826AD727200EDB809 /* OpenSans-Bold.ttf */; };
		D10BF0EF26AD727300EDB809 /* OpenSans-Regular.ttf in Resources */ = {isa = PBXBuildFile; fileRef = D10BF0E926AD727200EDB809 /* OpenSans-Regular.ttf */; };
		D10BF0F026AD727300EDB809 /* Localizable.strings in Resources */ = {isa = PBXBuildFile; fileRef = D10BF0EB26AD727200EDB809 /* Localizable.strings */; };
		D10BF16B26AD772700EDB809 /* R.generated.swift in Sources */ = {isa = PBXBuildFile; fileRef = D10BF16A26AD772700EDB809 /* R.generated.swift */; };
		D10BF1E326ADAB5B00EDB809 /* ActivityIndicator.swift in Sources */ = {isa = PBXBuildFile; fileRef = D10BF1E226ADAB5B00EDB809 /* ActivityIndicator.swift */; };
		D10BF1E526ADAC6500EDB809 /* ErrorTracker.swift in Sources */ = {isa = PBXBuildFile; fileRef = D10BF1E426ADAC6500EDB809 /* ErrorTracker.swift */; };
		D10BF1E726ADAC6900EDB809 /* Observable+Extension.swift in Sources */ = {isa = PBXBuildFile; fileRef = D10BF1E626ADAC6900EDB809 /* Observable+Extension.swift */; };
		D10BF1E926ADB0C700EDB809 /* Response.swift in Sources */ = {isa = PBXBuildFile; fileRef = D10BF1E826ADB0C700EDB809 /* Response.swift */; };
		D10BF1EB26ADB0E900EDB809 /* Error.swift in Sources */ = {isa = PBXBuildFile; fileRef = D10BF1EA26ADB0E900EDB809 /* Error.swift */; };
		D10BF20C26ADB4E600EDB809 /* HomeScene+Extension.swift in Sources */ = {isa = PBXBuildFile; fileRef = D10BF20B26ADB4E600EDB809 /* HomeScene+Extension.swift */; };
		D16F5A9C26AAA87B00E02D6C /* UIFont+Extension.swift in Sources */ = {isa = PBXBuildFile; fileRef = D16F5A9B26AAA87B00E02D6C /* UIFont+Extension.swift */; };
		D1819C2A26A8661900C9DFDC /* Observable+Extension.swift in Sources */ = {isa = PBXBuildFile; fileRef = D1819C2926A8661900C9DFDC /* Observable+Extension.swift */; };
		D1819C4026A8688900C9DFDC /* ViewModel.swift in Sources */ = {isa = PBXBuildFile; fileRef = D1819C3F26A8688900C9DFDC /* ViewModel.swift */; };
		D1F164F026A7FA3000F8C034 /* AppDelegate.swift in Sources */ = {isa = PBXBuildFile; fileRef = D1F164EF26A7FA3000F8C034 /* AppDelegate.swift */; };
		D1F164F426A7FA3000F8C034 /* HomeScene.swift in Sources */ = {isa = PBXBuildFile; fileRef = D1F164F326A7FA3000F8C034 /* HomeScene.swift */; };
		D1F164F926A7FA3300F8C034 /* Assets.xcassets in Resources */ = {isa = PBXBuildFile; fileRef = D1F164F826A7FA3300F8C034 /* Assets.xcassets */; };
		D1F164FC26A7FA3300F8C034 /* LaunchScreen.storyboard in Resources */ = {isa = PBXBuildFile; fileRef = D1F164FA26A7FA3300F8C034 /* LaunchScreen.storyboard */; };
		D1F1650726A7FA3500F8C034 /* Map4DTests.swift in Sources */ = {isa = PBXBuildFile; fileRef = D1F1650626A7FA3500F8C034 /* Map4DTests.swift */; };
		D1F1651226A7FA3500F8C034 /* Map4DUITests.swift in Sources */ = {isa = PBXBuildFile; fileRef = D1F1651126A7FA3500F8C034 /* Map4DUITests.swift */; };
		D1F1653226A7FB8D00F8C034 /* Application.swift in Sources */ = {isa = PBXBuildFile; fileRef = D1F1653126A7FB8D00F8C034 /* Application.swift */; };
		D1F1653726A7FB9900F8C034 /* AppController.swift in Sources */ = {isa = PBXBuildFile; fileRef = D1F1653626A7FB9900F8C034 /* AppController.swift */; };
		D1F1653D26A7FC7C00F8C034 /* Navigator.swift in Sources */ = {isa = PBXBuildFile; fileRef = D1F1653C26A7FC7C00F8C034 /* Navigator.swift */; };
		D1F1654226A7FC9400F8C034 /* NavigationController.swift in Sources */ = {isa = PBXBuildFile; fileRef = D1F1654126A7FC9400F8C034 /* NavigationController.swift */; };
		D1F1654726A7FCC900F8C034 /* HomeNavigator.swift in Sources */ = {isa = PBXBuildFile; fileRef = D1F1654626A7FCC900F8C034 /* HomeNavigator.swift */; };
		D1F1654E26A7FD3200F8C034 /* HomeSceneNavigator.swift in Sources */ = {isa = PBXBuildFile; fileRef = D1F1654D26A7FD3200F8C034 /* HomeSceneNavigator.swift */; };
		D1F1655F26A7FEB200F8C034 /* SavedScene.swift in Sources */ = {isa = PBXBuildFile; fileRef = D1F1655D26A7FEB200F8C034 /* SavedScene.swift */; };
		D1F1656026A7FEB200F8C034 /* SavedSceneNavigator.swift in Sources */ = {isa = PBXBuildFile; fileRef = D1F1655E26A7FEB200F8C034 /* SavedSceneNavigator.swift */; };
		D1F1656626A7FEBE00F8C034 /* OptionsSceneNavigator.swift in Sources */ = {isa = PBXBuildFile; fileRef = D1F1656426A7FEBE00F8C034 /* OptionsSceneNavigator.swift */; };
		D1F1656726A7FEBE00F8C034 /* OptionsViewController.swift in Sources */ = {isa = PBXBuildFile; fileRef = D1F1656526A7FEBE00F8C034 /* OptionsViewController.swift */; };
		D1F1657626A7FF1D00F8C034 /* SavedNavigator.swift in Sources */ = {isa = PBXBuildFile; fileRef = D1F1657526A7FF1D00F8C034 /* SavedNavigator.swift */; };
		D1F1657E26A7FF5400F8C034 /* OptionsNavigator.swift in Sources */ = {isa = PBXBuildFile; fileRef = D1F1657D26A7FF5400F8C034 /* OptionsNavigator.swift */; };
		D1F1658726A800F000F8C034 /* UITabBarController+Extension.swift in Sources */ = {isa = PBXBuildFile; fileRef = D1F1658626A800F000F8C034 /* UITabBarController+Extension.swift */; };
		D1F165CF26A80AF300F8C034 /* HomeScene+Content.swift in Sources */ = {isa = PBXBuildFile; fileRef = D1F165CE26A80AF300F8C034 /* HomeScene+Content.swift */; };
		D1F165E626A80FB600F8C034 /* Scene.swift in Sources */ = {isa = PBXBuildFile; fileRef = D1F165E526A80FB600F8C034 /* Scene.swift */; };
		D1F1669026A814F800F8C034 /* ViewModel.framework in Frameworks */ = {isa = PBXBuildFile; fileRef = D1F1668726A814F700F8C034 /* ViewModel.framework */; };
		D1F1669726A814F800F8C034 /* ViewModelTests.swift in Sources */ = {isa = PBXBuildFile; fileRef = D1F1669626A814F800F8C034 /* ViewModelTests.swift */; };
		D1F1669926A814F800F8C034 /* ViewModel.h in Headers */ = {isa = PBXBuildFile; fileRef = D1F1668926A814F700F8C034 /* ViewModel.h */; settings = {ATTRIBUTES = (Public, ); }; };
		D1F1669C26A814F800F8C034 /* ViewModel.framework in Frameworks */ = {isa = PBXBuildFile; fileRef = D1F1668726A814F700F8C034 /* ViewModel.framework */; };
		D1F1669D26A814F800F8C034 /* ViewModel.framework in Embed Frameworks */ = {isa = PBXBuildFile; fileRef = D1F1668726A814F700F8C034 /* ViewModel.framework */; settings = {ATTRIBUTES = (CodeSignOnCopy, RemoveHeadersOnCopy, ); }; };
		D1F166AC26A8152F00F8C034 /* HomeViewModel.swift in Sources */ = {isa = PBXBuildFile; fileRef = D1F166AB26A8152F00F8C034 /* HomeViewModel.swift */; };
/* End PBXBuildFile section */

/* Begin PBXContainerItemProxy section */
		D10BEDA626AD3A9800EDB809 /* PBXContainerItemProxy */ = {
			isa = PBXContainerItemProxy;
			containerPortal = D1F164E426A7FA3000F8C034 /* Project object */;
			proxyType = 1;
			remoteGlobalIDString = D10BED9B26AD3A9700EDB809;
			remoteInfo = Model;
		};
		D10BEDA826AD3A9800EDB809 /* PBXContainerItemProxy */ = {
			isa = PBXContainerItemProxy;
			containerPortal = D1F164E426A7FA3000F8C034 /* Project object */;
			proxyType = 1;
			remoteGlobalIDString = D1F164EB26A7FA3000F8C034;
			remoteInfo = Map4D;
		};
		D10BEDAF26AD3A9800EDB809 /* PBXContainerItemProxy */ = {
			isa = PBXContainerItemProxy;
			containerPortal = D1F164E426A7FA3000F8C034 /* Project object */;
			proxyType = 1;
			remoteGlobalIDString = D10BED9B26AD3A9700EDB809;
			remoteInfo = Model;
		};
		D1F1650326A7FA3500F8C034 /* PBXContainerItemProxy */ = {
			isa = PBXContainerItemProxy;
			containerPortal = D1F164E426A7FA3000F8C034 /* Project object */;
			proxyType = 1;
			remoteGlobalIDString = D1F164EB26A7FA3000F8C034;
			remoteInfo = Map4D;
		};
		D1F1650E26A7FA3500F8C034 /* PBXContainerItemProxy */ = {
			isa = PBXContainerItemProxy;
			containerPortal = D1F164E426A7FA3000F8C034 /* Project object */;
			proxyType = 1;
			remoteGlobalIDString = D1F164EB26A7FA3000F8C034;
			remoteInfo = Map4D;
		};
		D1F1669126A814F800F8C034 /* PBXContainerItemProxy */ = {
			isa = PBXContainerItemProxy;
			containerPortal = D1F164E426A7FA3000F8C034 /* Project object */;
			proxyType = 1;
			remoteGlobalIDString = D1F1668626A814F700F8C034;
			remoteInfo = ViewModel;
		};
		D1F1669326A814F800F8C034 /* PBXContainerItemProxy */ = {
			isa = PBXContainerItemProxy;
			containerPortal = D1F164E426A7FA3000F8C034 /* Project object */;
			proxyType = 1;
			remoteGlobalIDString = D1F164EB26A7FA3000F8C034;
			remoteInfo = Map4D;
		};
		D1F1669A26A814F800F8C034 /* PBXContainerItemProxy */ = {
			isa = PBXContainerItemProxy;
			containerPortal = D1F164E426A7FA3000F8C034 /* Project object */;
			proxyType = 1;
			remoteGlobalIDString = D1F1668626A814F700F8C034;
			remoteInfo = ViewModel;
		};
/* End PBXContainerItemProxy section */

/* Begin PBXCopyFilesBuildPhase section */
		D1F1667026A8149900F8C034 /* Embed Frameworks */ = {
			isa = PBXCopyFilesBuildPhase;
			buildActionMask = 2147483647;
			dstPath = "";
			dstSubfolderSpec = 10;
			files = (
				D10BEDB226AD3A9800EDB809 /* Model.framework in Embed Frameworks */,
				D1F1669D26A814F800F8C034 /* ViewModel.framework in Embed Frameworks */,
			);
			name = "Embed Frameworks";
			runOnlyForDeploymentPostprocessing = 0;
		};
/* End PBXCopyFilesBuildPhase section */

/* Begin PBXFileReference section */
		205F041F9363FA90538FD326 /* Pods-ViewModel.debug.xcconfig */ = {isa = PBXFileReference; includeInIndex = 1; lastKnownFileType = text.xcconfig; name = "Pods-ViewModel.debug.xcconfig"; path = "Target Support Files/Pods-ViewModel/Pods-ViewModel.debug.xcconfig"; sourceTree = "<group>"; };
		293476553206B3D04BF3B533 /* Pods-Map4D-Map4DUITests.release.xcconfig */ = {isa = PBXFileReference; includeInIndex = 1; lastKnownFileType = text.xcconfig; name = "Pods-Map4D-Map4DUITests.release.xcconfig"; path = "Target Support Files/Pods-Map4D-Map4DUITests/Pods-Map4D-Map4DUITests.release.xcconfig"; sourceTree = "<group>"; };
		304FAD61A60BBF1987395721 /* Pods-Model.debug.xcconfig */ = {isa = PBXFileReference; includeInIndex = 1; lastKnownFileType = text.xcconfig; name = "Pods-Model.debug.xcconfig"; path = "Target Support Files/Pods-Model/Pods-Model.debug.xcconfig"; sourceTree = "<group>"; };
		38E52664A82F0366DE599513 /* Pods_Map4D_ModelTests.framework */ = {isa = PBXFileReference; explicitFileType = wrapper.framework; includeInIndex = 0; path = Pods_Map4D_ModelTests.framework; sourceTree = BUILT_PRODUCTS_DIR; };
		4E6469C6301C4BA54ED1BB14 /* Pods-Map4D.debug.xcconfig */ = {isa = PBXFileReference; includeInIndex = 1; lastKnownFileType = text.xcconfig; name = "Pods-Map4D.debug.xcconfig"; path = "Target Support Files/Pods-Map4D/Pods-Map4D.debug.xcconfig"; sourceTree = "<group>"; };
		5E19FBC39F79F2337E520B64 /* Pods-Model.release.xcconfig */ = {isa = PBXFileReference; includeInIndex = 1; lastKnownFileType = text.xcconfig; name = "Pods-Model.release.xcconfig"; path = "Target Support Files/Pods-Model/Pods-Model.release.xcconfig"; sourceTree = "<group>"; };
		6C68D3501F4E1BA032257201 /* Pods_Map4D_Map4DUITests.framework */ = {isa = PBXFileReference; explicitFileType = wrapper.framework; includeInIndex = 0; path = Pods_Map4D_Map4DUITests.framework; sourceTree = BUILT_PRODUCTS_DIR; };
		75CF503A33ED9D0DE3E070A6 /* Pods-Map4D-Map4DUITests.debug.xcconfig */ = {isa = PBXFileReference; includeInIndex = 1; lastKnownFileType = text.xcconfig; name = "Pods-Map4D-Map4DUITests.debug.xcconfig"; path = "Target Support Files/Pods-Map4D-Map4DUITests/Pods-Map4D-Map4DUITests.debug.xcconfig"; sourceTree = "<group>"; };
		771F916CECA6684CA6D5668B /* Pods-ViewModel.release.xcconfig */ = {isa = PBXFileReference; includeInIndex = 1; lastKnownFileType = text.xcconfig; name = "Pods-ViewModel.release.xcconfig"; path = "Target Support Files/Pods-ViewModel/Pods-ViewModel.release.xcconfig"; sourceTree = "<group>"; };
		7BA99D1F34BE8139B3200149 /* Pods_Map4D_ViewModelTests.framework */ = {isa = PBXFileReference; explicitFileType = wrapper.framework; includeInIndex = 0; path = Pods_Map4D_ViewModelTests.framework; sourceTree = BUILT_PRODUCTS_DIR; };
		92415DAEAD3CAD1CD71A89B9 /* Pods-Map4D-ViewModelTests.release.xcconfig */ = {isa = PBXFileReference; includeInIndex = 1; lastKnownFileType = text.xcconfig; name = "Pods-Map4D-ViewModelTests.release.xcconfig"; path = "Target Support Files/Pods-Map4D-ViewModelTests/Pods-Map4D-ViewModelTests.release.xcconfig"; sourceTree = "<group>"; };
		9685978930B246993A33AADB /* Pods-Map4D-ModelTests.debug.xcconfig */ = {isa = PBXFileReference; includeInIndex = 1; lastKnownFileType = text.xcconfig; name = "Pods-Map4D-ModelTests.debug.xcconfig"; path = "Target Support Files/Pods-Map4D-ModelTests/Pods-Map4D-ModelTests.debug.xcconfig"; sourceTree = "<group>"; };
		9CE50EE3C5DC140821A0F1A1 /* Pods-Map4D.release.xcconfig */ = {isa = PBXFileReference; includeInIndex = 1; lastKnownFileType = text.xcconfig; name = "Pods-Map4D.release.xcconfig"; path = "Target Support Files/Pods-Map4D/Pods-Map4D.release.xcconfig"; sourceTree = "<group>"; };
		AD698F30BC84354FCF6A05C8 /* Pods_Map4D.framework */ = {isa = PBXFileReference; explicitFileType = wrapper.framework; includeInIndex = 0; path = Pods_Map4D.framework; sourceTree = BUILT_PRODUCTS_DIR; };
		B0DE96C6AC93B8FE050D43C1 /* Pods-Map4DTests.debug.xcconfig */ = {isa = PBXFileReference; includeInIndex = 1; lastKnownFileType = text.xcconfig; name = "Pods-Map4DTests.debug.xcconfig"; path = "Target Support Files/Pods-Map4DTests/Pods-Map4DTests.debug.xcconfig"; sourceTree = "<group>"; };
		B5C181B8293973E6E86AD6C5 /* Pods-Map4D-ViewModelTests.debug.xcconfig */ = {isa = PBXFileReference; includeInIndex = 1; lastKnownFileType = text.xcconfig; name = "Pods-Map4D-ViewModelTests.debug.xcconfig"; path = "Target Support Files/Pods-Map4D-ViewModelTests/Pods-Map4D-ViewModelTests.debug.xcconfig"; sourceTree = "<group>"; };
		B7223CE27FE3F68972007998 /* Pods_Map4DTests.framework */ = {isa = PBXFileReference; explicitFileType = wrapper.framework; includeInIndex = 0; path = Pods_Map4DTests.framework; sourceTree = BUILT_PRODUCTS_DIR; };
		BCAA3F854B0780227D421F8C /* Pods-Map4D-ModelTests.release.xcconfig */ = {isa = PBXFileReference; includeInIndex = 1; lastKnownFileType = text.xcconfig; name = "Pods-Map4D-ModelTests.release.xcconfig"; path = "Target Support Files/Pods-Map4D-ModelTests/Pods-Map4D-ModelTests.release.xcconfig"; sourceTree = "<group>"; };
		C0C46E08DC50A64EA9B7E090 /* Pods_ViewModel.framework */ = {isa = PBXFileReference; explicitFileType = wrapper.framework; includeInIndex = 0; path = Pods_ViewModel.framework; sourceTree = BUILT_PRODUCTS_DIR; };
		D10BED9C26AD3A9700EDB809 /* Model.framework */ = {isa = PBXFileReference; explicitFileType = wrapper.framework; includeInIndex = 0; path = Model.framework; sourceTree = BUILT_PRODUCTS_DIR; };
		D10BED9E26AD3A9700EDB809 /* Model.h */ = {isa = PBXFileReference; lastKnownFileType = sourcecode.c.h; path = Model.h; sourceTree = "<group>"; };
		D10BED9F26AD3A9700EDB809 /* Info.plist */ = {isa = PBXFileReference; lastKnownFileType = text.plist.xml; path = Info.plist; sourceTree = "<group>"; };
		D10BEDA426AD3A9800EDB809 /* ModelTests.xctest */ = {isa = PBXFileReference; explicitFileType = wrapper.cfbundle; includeInIndex = 0; path = ModelTests.xctest; sourceTree = BUILT_PRODUCTS_DIR; };
		D10BEDAB26AD3A9800EDB809 /* ModelTests.swift */ = {isa = PBXFileReference; lastKnownFileType = sourcecode.swift; path = ModelTests.swift; sourceTree = "<group>"; };
		D10BEDAD26AD3A9800EDB809 /* Info.plist */ = {isa = PBXFileReference; lastKnownFileType = text.plist.xml; path = Info.plist; sourceTree = "<group>"; };
		D10BEDBF26AD3AAD00EDB809 /* Place.swift */ = {isa = PBXFileReference; lastKnownFileType = sourcecode.swift; path = Place.swift; sourceTree = "<group>"; };
		D10BEF0326AD42D100EDB809 /* Colors.xcassets */ = {isa = PBXFileReference; lastKnownFileType = folder.assetcatalog; path = Colors.xcassets; sourceTree = "<group>"; };
		D10BEF0426AD42D100EDB809 /* Images.xcassets */ = {isa = PBXFileReference; lastKnownFileType = folder.assetcatalog; path = Images.xcassets; sourceTree = "<group>"; };
		D10BF0E726AD727200EDB809 /* OpenSans-SemiBold.ttf */ = {isa = PBXFileReference; lastKnownFileType = file; path = "OpenSans-SemiBold.ttf"; sourceTree = "<group>"; };
		D10BF0E826AD727200EDB809 /* OpenSans-Bold.ttf */ = {isa = PBXFileReference; lastKnownFileType = file; path = "OpenSans-Bold.ttf"; sourceTree = "<group>"; };
		D10BF0E926AD727200EDB809 /* OpenSans-Regular.ttf */ = {isa = PBXFileReference; lastKnownFileType = file; path = "OpenSans-Regular.ttf"; sourceTree = "<group>"; };
		D10BF0EC26AD727200EDB809 /* en */ = {isa = PBXFileReference; lastKnownFileType = text.plist.strings; name = en; path = en.lproj/Localizable.strings; sourceTree = "<group>"; };
		D10BF16A26AD772700EDB809 /* R.generated.swift */ = {isa = PBXFileReference; fileEncoding = 4; lastKnownFileType = sourcecode.swift; path = R.generated.swift; sourceTree = SOURCE_ROOT; };
		D10BF1E226ADAB5B00EDB809 /* ActivityIndicator.swift */ = {isa = PBXFileReference; fileEncoding = 4; lastKnownFileType = sourcecode.swift; path = ActivityIndicator.swift; sourceTree = "<group>"; };
		D10BF1E426ADAC6500EDB809 /* ErrorTracker.swift */ = {isa = PBXFileReference; fileEncoding = 4; lastKnownFileType = sourcecode.swift; path = ErrorTracker.swift; sourceTree = "<group>"; };
		D10BF1E626ADAC6900EDB809 /* Observable+Extension.swift */ = {isa = PBXFileReference; fileEncoding = 4; lastKnownFileType = sourcecode.swift; path = "Observable+Extension.swift"; sourceTree = "<group>"; };
		D10BF1E826ADB0C700EDB809 /* Response.swift */ = {isa = PBXFileReference; lastKnownFileType = sourcecode.swift; path = Response.swift; sourceTree = "<group>"; };
		D10BF1EA26ADB0E900EDB809 /* Error.swift */ = {isa = PBXFileReference; lastKnownFileType = sourcecode.swift; path = Error.swift; sourceTree = "<group>"; };
		D10BF20B26ADB4E600EDB809 /* HomeScene+Extension.swift */ = {isa = PBXFileReference; lastKnownFileType = sourcecode.swift; path = "HomeScene+Extension.swift"; sourceTree = "<group>"; };
		D16F5A9B26AAA87B00E02D6C /* UIFont+Extension.swift */ = {isa = PBXFileReference; lastKnownFileType = sourcecode.swift; path = "UIFont+Extension.swift"; sourceTree = "<group>"; };
		D1819C2926A8661900C9DFDC /* Observable+Extension.swift */ = {isa = PBXFileReference; fileEncoding = 4; lastKnownFileType = sourcecode.swift; path = "Observable+Extension.swift"; sourceTree = "<group>"; };
		D1819C3F26A8688900C9DFDC /* ViewModel.swift */ = {isa = PBXFileReference; fileEncoding = 4; lastKnownFileType = sourcecode.swift; path = ViewModel.swift; sourceTree = "<group>"; };
		D1F164EC26A7FA3000F8C034 /* Map4D.app */ = {isa = PBXFileReference; explicitFileType = wrapper.application; includeInIndex = 0; path = Map4D.app; sourceTree = BUILT_PRODUCTS_DIR; };
		D1F164EF26A7FA3000F8C034 /* AppDelegate.swift */ = {isa = PBXFileReference; lastKnownFileType = sourcecode.swift; path = AppDelegate.swift; sourceTree = "<group>"; };
		D1F164F326A7FA3000F8C034 /* HomeScene.swift */ = {isa = PBXFileReference; lastKnownFileType = sourcecode.swift; path = HomeScene.swift; sourceTree = "<group>"; };
		D1F164F826A7FA3300F8C034 /* Assets.xcassets */ = {isa = PBXFileReference; lastKnownFileType = folder.assetcatalog; path = Assets.xcassets; sourceTree = "<group>"; };
		D1F164FB26A7FA3300F8C034 /* Base */ = {isa = PBXFileReference; lastKnownFileType = file.storyboard; name = Base; path = Base.lproj/LaunchScreen.storyboard; sourceTree = "<group>"; };
		D1F164FD26A7FA3300F8C034 /* Info.plist */ = {isa = PBXFileReference; lastKnownFileType = text.plist.xml; path = Info.plist; sourceTree = "<group>"; };
		D1F1650226A7FA3500F8C034 /* Map4DTests.xctest */ = {isa = PBXFileReference; explicitFileType = wrapper.cfbundle; includeInIndex = 0; path = Map4DTests.xctest; sourceTree = BUILT_PRODUCTS_DIR; };
		D1F1650626A7FA3500F8C034 /* Map4DTests.swift */ = {isa = PBXFileReference; lastKnownFileType = sourcecode.swift; path = Map4DTests.swift; sourceTree = "<group>"; };
		D1F1650826A7FA3500F8C034 /* Info.plist */ = {isa = PBXFileReference; lastKnownFileType = text.plist.xml; path = Info.plist; sourceTree = "<group>"; };
		D1F1650D26A7FA3500F8C034 /* Map4DUITests.xctest */ = {isa = PBXFileReference; explicitFileType = wrapper.cfbundle; includeInIndex = 0; path = Map4DUITests.xctest; sourceTree = BUILT_PRODUCTS_DIR; };
		D1F1651126A7FA3500F8C034 /* Map4DUITests.swift */ = {isa = PBXFileReference; lastKnownFileType = sourcecode.swift; path = Map4DUITests.swift; sourceTree = "<group>"; };
		D1F1651326A7FA3500F8C034 /* Info.plist */ = {isa = PBXFileReference; lastKnownFileType = text.plist.xml; path = Info.plist; sourceTree = "<group>"; };
		D1F1653126A7FB8D00F8C034 /* Application.swift */ = {isa = PBXFileReference; lastKnownFileType = sourcecode.swift; path = Application.swift; sourceTree = "<group>"; };
		D1F1653626A7FB9900F8C034 /* AppController.swift */ = {isa = PBXFileReference; lastKnownFileType = sourcecode.swift; path = AppController.swift; sourceTree = "<group>"; };
		D1F1653C26A7FC7C00F8C034 /* Navigator.swift */ = {isa = PBXFileReference; lastKnownFileType = sourcecode.swift; path = Navigator.swift; sourceTree = "<group>"; };
		D1F1654126A7FC9400F8C034 /* NavigationController.swift */ = {isa = PBXFileReference; lastKnownFileType = sourcecode.swift; path = NavigationController.swift; sourceTree = "<group>"; };
		D1F1654626A7FCC900F8C034 /* HomeNavigator.swift */ = {isa = PBXFileReference; lastKnownFileType = sourcecode.swift; path = HomeNavigator.swift; sourceTree = "<group>"; };
		D1F1654D26A7FD3200F8C034 /* HomeSceneNavigator.swift */ = {isa = PBXFileReference; lastKnownFileType = sourcecode.swift; path = HomeSceneNavigator.swift; sourceTree = "<group>"; };
		D1F1655D26A7FEB200F8C034 /* SavedScene.swift */ = {isa = PBXFileReference; fileEncoding = 4; lastKnownFileType = sourcecode.swift; path = SavedScene.swift; sourceTree = "<group>"; };
		D1F1655E26A7FEB200F8C034 /* SavedSceneNavigator.swift */ = {isa = PBXFileReference; fileEncoding = 4; lastKnownFileType = sourcecode.swift; path = SavedSceneNavigator.swift; sourceTree = "<group>"; };
		D1F1656426A7FEBE00F8C034 /* OptionsSceneNavigator.swift */ = {isa = PBXFileReference; fileEncoding = 4; lastKnownFileType = sourcecode.swift; path = OptionsSceneNavigator.swift; sourceTree = "<group>"; };
		D1F1656526A7FEBE00F8C034 /* OptionsViewController.swift */ = {isa = PBXFileReference; fileEncoding = 4; lastKnownFileType = sourcecode.swift; path = OptionsViewController.swift; sourceTree = "<group>"; };
		D1F1657526A7FF1D00F8C034 /* SavedNavigator.swift */ = {isa = PBXFileReference; lastKnownFileType = sourcecode.swift; path = SavedNavigator.swift; sourceTree = "<group>"; };
		D1F1657D26A7FF5400F8C034 /* OptionsNavigator.swift */ = {isa = PBXFileReference; lastKnownFileType = sourcecode.swift; path = OptionsNavigator.swift; sourceTree = "<group>"; };
		D1F1658626A800F000F8C034 /* UITabBarController+Extension.swift */ = {isa = PBXFileReference; lastKnownFileType = sourcecode.swift; path = "UITabBarController+Extension.swift"; sourceTree = "<group>"; };
		D1F165CE26A80AF300F8C034 /* HomeScene+Content.swift */ = {isa = PBXFileReference; lastKnownFileType = sourcecode.swift; path = "HomeScene+Content.swift"; sourceTree = "<group>"; };
		D1F165E526A80FB600F8C034 /* Scene.swift */ = {isa = PBXFileReference; lastKnownFileType = sourcecode.swift; path = Scene.swift; sourceTree = "<group>"; };
		D1F1668726A814F700F8C034 /* ViewModel.framework */ = {isa = PBXFileReference; explicitFileType = wrapper.framework; includeInIndex = 0; path = ViewModel.framework; sourceTree = BUILT_PRODUCTS_DIR; };
		D1F1668926A814F700F8C034 /* ViewModel.h */ = {isa = PBXFileReference; lastKnownFileType = sourcecode.c.h; path = ViewModel.h; sourceTree = "<group>"; };
		D1F1668A26A814F700F8C034 /* Info.plist */ = {isa = PBXFileReference; lastKnownFileType = text.plist.xml; path = Info.plist; sourceTree = "<group>"; };
		D1F1668F26A814F800F8C034 /* ViewModelTests.xctest */ = {isa = PBXFileReference; explicitFileType = wrapper.cfbundle; includeInIndex = 0; path = ViewModelTests.xctest; sourceTree = BUILT_PRODUCTS_DIR; };
		D1F1669626A814F800F8C034 /* ViewModelTests.swift */ = {isa = PBXFileReference; lastKnownFileType = sourcecode.swift; path = ViewModelTests.swift; sourceTree = "<group>"; };
		D1F1669826A814F800F8C034 /* Info.plist */ = {isa = PBXFileReference; lastKnownFileType = text.plist.xml; path = Info.plist; sourceTree = "<group>"; };
		D1F166AB26A8152F00F8C034 /* HomeViewModel.swift */ = {isa = PBXFileReference; lastKnownFileType = sourcecode.swift; path = HomeViewModel.swift; sourceTree = "<group>"; };
		E4518CE102B817AB927C5668 /* Pods-Map4DTests.release.xcconfig */ = {isa = PBXFileReference; includeInIndex = 1; lastKnownFileType = text.xcconfig; name = "Pods-Map4DTests.release.xcconfig"; path = "Target Support Files/Pods-Map4DTests/Pods-Map4DTests.release.xcconfig"; sourceTree = "<group>"; };
		E5D8A5109C3EFC48D0C56098 /* Pods_Model.framework */ = {isa = PBXFileReference; explicitFileType = wrapper.framework; includeInIndex = 0; path = Pods_Model.framework; sourceTree = BUILT_PRODUCTS_DIR; };
/* End PBXFileReference section */

/* Begin PBXFrameworksBuildPhase section */
		D10BED9926AD3A9700EDB809 /* Frameworks */ = {
			isa = PBXFrameworksBuildPhase;
			buildActionMask = 2147483647;
			files = (
				71AC4819A85A35CF5446C1DF /* Pods_Model.framework in Frameworks */,
			);
			runOnlyForDeploymentPostprocessing = 0;
		};
		D10BEDA126AD3A9800EDB809 /* Frameworks */ = {
			isa = PBXFrameworksBuildPhase;
			buildActionMask = 2147483647;
			files = (
				D10BEDA526AD3A9800EDB809 /* Model.framework in Frameworks */,
				7B509D68FE80813403336C36 /* Pods_Map4D_ModelTests.framework in Frameworks */,
			);
			runOnlyForDeploymentPostprocessing = 0;
		};
		D1F164E926A7FA3000F8C034 /* Frameworks */ = {
			isa = PBXFrameworksBuildPhase;
			buildActionMask = 2147483647;
			files = (
				1C0E6F9D12C2C9AD6D3E44A6 /* Pods_Map4D.framework in Frameworks */,
				D10BEDB126AD3A9800EDB809 /* Model.framework in Frameworks */,
				D1F1669C26A814F800F8C034 /* ViewModel.framework in Frameworks */,
			);
			runOnlyForDeploymentPostprocessing = 0;
		};
		D1F164FF26A7FA3500F8C034 /* Frameworks */ = {
			isa = PBXFrameworksBuildPhase;
			buildActionMask = 2147483647;
			files = (
				46954FA67FA5724B3FCBB473 /* Pods_Map4DTests.framework in Frameworks */,
			);
			runOnlyForDeploymentPostprocessing = 0;
		};
		D1F1650A26A7FA3500F8C034 /* Frameworks */ = {
			isa = PBXFrameworksBuildPhase;
			buildActionMask = 2147483647;
			files = (
				553391AF7F148C9DAE3A0009 /* Pods_Map4D_Map4DUITests.framework in Frameworks */,
			);
			runOnlyForDeploymentPostprocessing = 0;
		};
		D1F1668426A814F700F8C034 /* Frameworks */ = {
			isa = PBXFrameworksBuildPhase;
			buildActionMask = 2147483647;
			files = (
				B8716EF247DB068B228724A7 /* Pods_ViewModel.framework in Frameworks */,
			);
			runOnlyForDeploymentPostprocessing = 0;
		};
		D1F1668C26A814F800F8C034 /* Frameworks */ = {
			isa = PBXFrameworksBuildPhase;
			buildActionMask = 2147483647;
			files = (
				D1F1669026A814F800F8C034 /* ViewModel.framework in Frameworks */,
				066D5753C97ABC7E87D159F7 /* Pods_Map4D_ViewModelTests.framework in Frameworks */,
			);
			runOnlyForDeploymentPostprocessing = 0;
		};
/* End PBXFrameworksBuildPhase section */

/* Begin PBXGroup section */
		7FE0655A8D085A6A2D806A03 /* Frameworks */ = {
			isa = PBXGroup;
			children = (
				AD698F30BC84354FCF6A05C8 /* Pods_Map4D.framework */,
				6C68D3501F4E1BA032257201 /* Pods_Map4D_Map4DUITests.framework */,
				B7223CE27FE3F68972007998 /* Pods_Map4DTests.framework */,
				38E52664A82F0366DE599513 /* Pods_Map4D_ModelTests.framework */,
				7BA99D1F34BE8139B3200149 /* Pods_Map4D_ViewModelTests.framework */,
				E5D8A5109C3EFC48D0C56098 /* Pods_Model.framework */,
				C0C46E08DC50A64EA9B7E090 /* Pods_ViewModel.framework */,
			);
			name = Frameworks;
			sourceTree = "<group>";
		};
		AB26D97026F40AF99B17502E /* Pods */ = {
			isa = PBXGroup;
			children = (
				4E6469C6301C4BA54ED1BB14 /* Pods-Map4D.debug.xcconfig */,
				9CE50EE3C5DC140821A0F1A1 /* Pods-Map4D.release.xcconfig */,
				75CF503A33ED9D0DE3E070A6 /* Pods-Map4D-Map4DUITests.debug.xcconfig */,
				293476553206B3D04BF3B533 /* Pods-Map4D-Map4DUITests.release.xcconfig */,
				B0DE96C6AC93B8FE050D43C1 /* Pods-Map4DTests.debug.xcconfig */,
				E4518CE102B817AB927C5668 /* Pods-Map4DTests.release.xcconfig */,
				9685978930B246993A33AADB /* Pods-Map4D-ModelTests.debug.xcconfig */,
				BCAA3F854B0780227D421F8C /* Pods-Map4D-ModelTests.release.xcconfig */,
				B5C181B8293973E6E86AD6C5 /* Pods-Map4D-ViewModelTests.debug.xcconfig */,
				92415DAEAD3CAD1CD71A89B9 /* Pods-Map4D-ViewModelTests.release.xcconfig */,
				304FAD61A60BBF1987395721 /* Pods-Model.debug.xcconfig */,
				5E19FBC39F79F2337E520B64 /* Pods-Model.release.xcconfig */,
				205F041F9363FA90538FD326 /* Pods-ViewModel.debug.xcconfig */,
				771F916CECA6684CA6D5668B /* Pods-ViewModel.release.xcconfig */,
			);
			path = Pods;
			sourceTree = "<group>";
		};
		D10BED9D26AD3A9700EDB809 /* Model */ = {
			isa = PBXGroup;
			children = (
				D10BED9E26AD3A9700EDB809 /* Model.h */,
				D10BED9F26AD3A9700EDB809 /* Info.plist */,
				D10BEDBF26AD3AAD00EDB809 /* Place.swift */,
				D10BF1E826ADB0C700EDB809 /* Response.swift */,
				D10BF1EA26ADB0E900EDB809 /* Error.swift */,
			);
			path = Model;
			sourceTree = "<group>";
		};
		D10BEDAA26AD3A9800EDB809 /* ModelTests */ = {
			isa = PBXGroup;
			children = (
				D10BEDAB26AD3A9800EDB809 /* ModelTests.swift */,
				D10BEDAD26AD3A9800EDB809 /* Info.plist */,
			);
			path = ModelTests;
			sourceTree = "<group>";
		};
		D10BF0E626AD727200EDB809 /* Fonts */ = {
			isa = PBXGroup;
			children = (
				D10BF0E726AD727200EDB809 /* OpenSans-SemiBold.ttf */,
				D10BF0E826AD727200EDB809 /* OpenSans-Bold.ttf */,
				D10BF0E926AD727200EDB809 /* OpenSans-Regular.ttf */,
			);
			path = Fonts;
			sourceTree = "<group>";
		};
		D10BF0EA26AD727200EDB809 /* Localization */ = {
			isa = PBXGroup;
			children = (
				D10BF0EB26AD727200EDB809 /* Localizable.strings */,
			);
			path = Localization;
			sourceTree = "<group>";
		};
		D10BF1DF26ADAB2C00EDB809 /* Commons */ = {
			isa = PBXGroup;
			children = (
				D10BF1E626ADAC6900EDB809 /* Observable+Extension.swift */,
				D10BF1E426ADAC6500EDB809 /* ErrorTracker.swift */,
				D10BF1E226ADAB5B00EDB809 /* ActivityIndicator.swift */,
			);
			path = Commons;
			sourceTree = "<group>";
		};
		D16F5A5826AAA32800E02D6C /* Resource */ = {
			isa = PBXGroup;
			children = (
				D10BF16A26AD772700EDB809 /* R.generated.swift */,
				D10BF0E626AD727200EDB809 /* Fonts */,
				D10BF0EA26AD727200EDB809 /* Localization */,
				D10BEF0326AD42D100EDB809 /* Colors.xcassets */,
				D10BEF0426AD42D100EDB809 /* Images.xcassets */,
			);
			path = Resource;
			sourceTree = "<group>";
		};
		D1F164E326A7FA3000F8C034 = {
			isa = PBXGroup;
			children = (
				D1F164EE26A7FA3000F8C034 /* Map4D */,
				D1F1650526A7FA3500F8C034 /* Map4DTests */,
				D1F1651026A7FA3500F8C034 /* Map4DUITests */,
				D1F1668826A814F700F8C034 /* ViewModel */,
				D1F1669526A814F800F8C034 /* ViewModelTests */,
				D10BED9D26AD3A9700EDB809 /* Model */,
				D10BEDAA26AD3A9800EDB809 /* ModelTests */,
				D1F164ED26A7FA3000F8C034 /* Products */,
				AB26D97026F40AF99B17502E /* Pods */,
				7FE0655A8D085A6A2D806A03 /* Frameworks */,
			);
			sourceTree = "<group>";
		};
		D1F164ED26A7FA3000F8C034 /* Products */ = {
			isa = PBXGroup;
			children = (
				D1F164EC26A7FA3000F8C034 /* Map4D.app */,
				D1F1650226A7FA3500F8C034 /* Map4DTests.xctest */,
				D1F1650D26A7FA3500F8C034 /* Map4DUITests.xctest */,
				D1F1668726A814F700F8C034 /* ViewModel.framework */,
				D1F1668F26A814F800F8C034 /* ViewModelTests.xctest */,
				D10BED9C26AD3A9700EDB809 /* Model.framework */,
				D10BEDA426AD3A9800EDB809 /* ModelTests.xctest */,
			);
			name = Products;
			sourceTree = "<group>";
		};
		D1F164EE26A7FA3000F8C034 /* Map4D */ = {
			isa = PBXGroup;
			children = (
				D1F1653B26A7FC6100F8C034 /* Navigator */,
				D1F1658526A800D000F8C034 /* Commons */,
				D1F1658C26A801EC00F8C034 /* Extensions */,
				D16F5A5826AAA32800E02D6C /* Resource */,
				D1F1654B26A7FCEF00F8C034 /* Scenes */,
				D1F164F826A7FA3300F8C034 /* Assets.xcassets */,
				D1F164FA26A7FA3300F8C034 /* LaunchScreen.storyboard */,
				D1F164FD26A7FA3300F8C034 /* Info.plist */,
				D1F164EF26A7FA3000F8C034 /* AppDelegate.swift */,
				D1F1653126A7FB8D00F8C034 /* Application.swift */,
				D1F1653626A7FB9900F8C034 /* AppController.swift */,
			);
			path = Map4D;
			sourceTree = "<group>";
		};
		D1F1650526A7FA3500F8C034 /* Map4DTests */ = {
			isa = PBXGroup;
			children = (
				D1F1650626A7FA3500F8C034 /* Map4DTests.swift */,
				D1F1650826A7FA3500F8C034 /* Info.plist */,
			);
			path = Map4DTests;
			sourceTree = "<group>";
		};
		D1F1651026A7FA3500F8C034 /* Map4DUITests */ = {
			isa = PBXGroup;
			children = (
				D1F1651126A7FA3500F8C034 /* Map4DUITests.swift */,
				D1F1651326A7FA3500F8C034 /* Info.plist */,
			);
			path = Map4DUITests;
			sourceTree = "<group>";
		};
		D1F1653B26A7FC6100F8C034 /* Navigator */ = {
			isa = PBXGroup;
			children = (
				D1F1653C26A7FC7C00F8C034 /* Navigator.swift */,
				D1F1654126A7FC9400F8C034 /* NavigationController.swift */,
				D1F1654626A7FCC900F8C034 /* HomeNavigator.swift */,
				D1F1657526A7FF1D00F8C034 /* SavedNavigator.swift */,
				D1F1657D26A7FF5400F8C034 /* OptionsNavigator.swift */,
			);
			path = Navigator;
			sourceTree = "<group>";
		};
		D1F1654B26A7FCEF00F8C034 /* Scenes */ = {
			isa = PBXGroup;
			children = (
				D1F1655C26A7FE8700F8C034 /* OptionsScene */,
				D1F1655B26A7FE7600F8C034 /* SavedScene.swift */,
				D1F1654C26A7FD0900F8C034 /* HomeScene */,
			);
			path = Scenes;
			sourceTree = "<group>";
		};
		D1F1654C26A7FD0900F8C034 /* HomeScene */ = {
			isa = PBXGroup;
			children = (
				D10BF20B26ADB4E600EDB809 /* HomeScene+Extension.swift */,
				D1F165CE26A80AF300F8C034 /* HomeScene+Content.swift */,
				D1F1654D26A7FD3200F8C034 /* HomeSceneNavigator.swift */,
				D1F164F326A7FA3000F8C034 /* HomeScene.swift */,
			);
			path = HomeScene;
			sourceTree = "<group>";
		};
		D1F1655B26A7FE7600F8C034 /* SavedScene.swift */ = {
			isa = PBXGroup;
			children = (
				D1F1655D26A7FEB200F8C034 /* SavedScene.swift */,
				D1F1655E26A7FEB200F8C034 /* SavedSceneNavigator.swift */,
			);
			path = SavedScene.swift;
			sourceTree = "<group>";
		};
		D1F1655C26A7FE8700F8C034 /* OptionsScene */ = {
			isa = PBXGroup;
			children = (
				D1F1656526A7FEBE00F8C034 /* OptionsViewController.swift */,
				D1F1656426A7FEBE00F8C034 /* OptionsSceneNavigator.swift */,
			);
			path = OptionsScene;
			sourceTree = "<group>";
		};
		D1F1658526A800D000F8C034 /* Commons */ = {
			isa = PBXGroup;
			children = (
				D1F165E526A80FB600F8C034 /* Scene.swift */,
			);
			path = Commons;
			sourceTree = "<group>";
		};
		D1F1658C26A801EC00F8C034 /* Extensions */ = {
			isa = PBXGroup;
			children = (
				D1819C2926A8661900C9DFDC /* Observable+Extension.swift */,
				D1F1658626A800F000F8C034 /* UITabBarController+Extension.swift */,
				D16F5A9B26AAA87B00E02D6C /* UIFont+Extension.swift */,
			);
			path = Extensions;
			sourceTree = "<group>";
		};
		D1F1668826A814F700F8C034 /* ViewModel */ = {
			isa = PBXGroup;
			children = (
				D10BF1DF26ADAB2C00EDB809 /* Commons */,
				D1F1668926A814F700F8C034 /* ViewModel.h */,
				D1F1668A26A814F700F8C034 /* Info.plist */,
				D1819C3F26A8688900C9DFDC /* ViewModel.swift */,
				D1F166AB26A8152F00F8C034 /* HomeViewModel.swift */,
			);
			path = ViewModel;
			sourceTree = "<group>";
		};
		D1F1669526A814F800F8C034 /* ViewModelTests */ = {
			isa = PBXGroup;
			children = (
				D1F1669626A814F800F8C034 /* ViewModelTests.swift */,
				D1F1669826A814F800F8C034 /* Info.plist */,
			);
			path = ViewModelTests;
			sourceTree = "<group>";
		};
/* End PBXGroup section */

/* Begin PBXHeadersBuildPhase section */
		D10BED9726AD3A9700EDB809 /* Headers */ = {
			isa = PBXHeadersBuildPhase;
			buildActionMask = 2147483647;
			files = (
				D10BEDAE26AD3A9800EDB809 /* Model.h in Headers */,
			);
			runOnlyForDeploymentPostprocessing = 0;
		};
		D10BF0B426AD515300EDB809 /* Headers */ = {
			isa = PBXHeadersBuildPhase;
			buildActionMask = 2147483647;
			files = (
			);
			runOnlyForDeploymentPostprocessing = 0;
		};
		D1F1668226A814F700F8C034 /* Headers */ = {
			isa = PBXHeadersBuildPhase;
			buildActionMask = 2147483647;
			files = (
				D1F1669926A814F800F8C034 /* ViewModel.h in Headers */,
			);
			runOnlyForDeploymentPostprocessing = 0;
		};
/* End PBXHeadersBuildPhase section */

/* Begin PBXNativeTarget section */
		D10BED9B26AD3A9700EDB809 /* Model */ = {
			isa = PBXNativeTarget;
			buildConfigurationList = D10BEDB326AD3A9800EDB809 /* Build configuration list for PBXNativeTarget "Model" */;
			buildPhases = (
				89E2123BCB91657ACB75F526 /* [CP] Check Pods Manifest.lock */,
				D10BED9726AD3A9700EDB809 /* Headers */,
				D10BED9826AD3A9700EDB809 /* Sources */,
				D10BED9926AD3A9700EDB809 /* Frameworks */,
				D10BED9A26AD3A9700EDB809 /* Resources */,
			);
			buildRules = (
			);
			dependencies = (
			);
			name = Model;
			productName = Model;
			productReference = D10BED9C26AD3A9700EDB809 /* Model.framework */;
			productType = "com.apple.product-type.framework";
		};
		D10BEDA326AD3A9800EDB809 /* ModelTests */ = {
			isa = PBXNativeTarget;
			buildConfigurationList = D10BEDB626AD3A9800EDB809 /* Build configuration list for PBXNativeTarget "ModelTests" */;
			buildPhases = (
				B9B7FD3E0AECE70772FA4632 /* [CP] Check Pods Manifest.lock */,
				D10BEDA026AD3A9800EDB809 /* Sources */,
				D10BEDA126AD3A9800EDB809 /* Frameworks */,
				D10BEDA226AD3A9800EDB809 /* Resources */,
				3C6100B538C1465075336CC9 /* [CP] Embed Pods Frameworks */,
			);
			buildRules = (
			);
			dependencies = (
				D10BEDA726AD3A9800EDB809 /* PBXTargetDependency */,
				D10BEDA926AD3A9800EDB809 /* PBXTargetDependency */,
			);
			name = ModelTests;
			productName = ModelTests;
			productReference = D10BEDA426AD3A9800EDB809 /* ModelTests.xctest */;
			productType = "com.apple.product-type.bundle.unit-test";
		};
		D1F164EB26A7FA3000F8C034 /* Map4D */ = {
			isa = PBXNativeTarget;
			buildConfigurationList = D1F1651626A7FA3500F8C034 /* Build configuration list for PBXNativeTarget "Map4D" */;
			buildPhases = (
				3FDA6F6E974D337761CF53EC /* [CP] Check Pods Manifest.lock */,
				D10BF0B426AD515300EDB809 /* Headers */,
				D1F164E826A7FA3000F8C034 /* Sources */,
				D1F164E926A7FA3000F8C034 /* Frameworks */,
				D1F164EA26A7FA3000F8C034 /* Resources */,
				2278EAE5D6F7E250C51AB45C /* [CP] Embed Pods Frameworks */,
				D1F1667026A8149900F8C034 /* Embed Frameworks */,
				D10BEE4E26AD3F0400EDB809 /* RSwift */,
			);
			buildRules = (
			);
			dependencies = (
				D1F1669B26A814F800F8C034 /* PBXTargetDependency */,
				D10BEDB026AD3A9800EDB809 /* PBXTargetDependency */,
			);
			name = Map4D;
			productName = Map4D;
			productReference = D1F164EC26A7FA3000F8C034 /* Map4D.app */;
			productType = "com.apple.product-type.application";
		};
		D1F1650126A7FA3500F8C034 /* Map4DTests */ = {
			isa = PBXNativeTarget;
			buildConfigurationList = D1F1651926A7FA3500F8C034 /* Build configuration list for PBXNativeTarget "Map4DTests" */;
			buildPhases = (
				DA946290E535957E7F281FD5 /* [CP] Check Pods Manifest.lock */,
				D1F164FE26A7FA3500F8C034 /* Sources */,
				D1F164FF26A7FA3500F8C034 /* Frameworks */,
				D1F1650026A7FA3500F8C034 /* Resources */,
			);
			buildRules = (
			);
			dependencies = (
				D1F1650426A7FA3500F8C034 /* PBXTargetDependency */,
			);
			name = Map4DTests;
			productName = Map4DTests;
			productReference = D1F1650226A7FA3500F8C034 /* Map4DTests.xctest */;
			productType = "com.apple.product-type.bundle.unit-test";
		};
		D1F1650C26A7FA3500F8C034 /* Map4DUITests */ = {
			isa = PBXNativeTarget;
			buildConfigurationList = D1F1651C26A7FA3500F8C034 /* Build configuration list for PBXNativeTarget "Map4DUITests" */;
			buildPhases = (
				E22CC20583FE5B72629C2240 /* [CP] Check Pods Manifest.lock */,
				D1F1650926A7FA3500F8C034 /* Sources */,
				D1F1650A26A7FA3500F8C034 /* Frameworks */,
				D1F1650B26A7FA3500F8C034 /* Resources */,
				96DE0ED94C11CDF058577A6D /* [CP] Embed Pods Frameworks */,
			);
			buildRules = (
			);
			dependencies = (
				D1F1650F26A7FA3500F8C034 /* PBXTargetDependency */,
			);
			name = Map4DUITests;
			productName = Map4DUITests;
			productReference = D1F1650D26A7FA3500F8C034 /* Map4DUITests.xctest */;
			productType = "com.apple.product-type.bundle.ui-testing";
		};
		D1F1668626A814F700F8C034 /* ViewModel */ = {
			isa = PBXNativeTarget;
			buildConfigurationList = D1F1669E26A814F800F8C034 /* Build configuration list for PBXNativeTarget "ViewModel" */;
			buildPhases = (
				A4174E163400811BC1503F61 /* [CP] Check Pods Manifest.lock */,
				D1F1668226A814F700F8C034 /* Headers */,
				D1F1668326A814F700F8C034 /* Sources */,
				D1F1668426A814F700F8C034 /* Frameworks */,
				D1F1668526A814F700F8C034 /* Resources */,
			);
			buildRules = (
			);
			dependencies = (
			);
			name = ViewModel;
			productName = ViewModel;
			productReference = D1F1668726A814F700F8C034 /* ViewModel.framework */;
			productType = "com.apple.product-type.framework";
		};
		D1F1668E26A814F800F8C034 /* ViewModelTests */ = {
			isa = PBXNativeTarget;
			buildConfigurationList = D1F166A126A814F800F8C034 /* Build configuration list for PBXNativeTarget "ViewModelTests" */;
			buildPhases = (
				C07343B278C7B0A7B16E7750 /* [CP] Check Pods Manifest.lock */,
				D1F1668B26A814F800F8C034 /* Sources */,
				D1F1668C26A814F800F8C034 /* Frameworks */,
				D1F1668D26A814F800F8C034 /* Resources */,
				B2ADD0A96394E510924CABA4 /* [CP] Embed Pods Frameworks */,
			);
			buildRules = (
			);
			dependencies = (
				D1F1669226A814F800F8C034 /* PBXTargetDependency */,
				D1F1669426A814F800F8C034 /* PBXTargetDependency */,
			);
			name = ViewModelTests;
			productName = ViewModelTests;
			productReference = D1F1668F26A814F800F8C034 /* ViewModelTests.xctest */;
			productType = "com.apple.product-type.bundle.unit-test";
		};
/* End PBXNativeTarget section */

/* Begin PBXProject section */
		D1F164E426A7FA3000F8C034 /* Project object */ = {
			isa = PBXProject;
			attributes = {
				LastSwiftUpdateCheck = 1240;
				LastUpgradeCheck = 1240;
				TargetAttributes = {
					D10BED9B26AD3A9700EDB809 = {
						CreatedOnToolsVersion = 12.4;
						LastSwiftMigration = 1240;
					};
					D10BEDA326AD3A9800EDB809 = {
						CreatedOnToolsVersion = 12.4;
						TestTargetID = D1F164EB26A7FA3000F8C034;
					};
					D1F164EB26A7FA3000F8C034 = {
						CreatedOnToolsVersion = 12.4;
					};
					D1F1650126A7FA3500F8C034 = {
						CreatedOnToolsVersion = 12.4;
						TestTargetID = D1F164EB26A7FA3000F8C034;
					};
					D1F1650C26A7FA3500F8C034 = {
						CreatedOnToolsVersion = 12.4;
						TestTargetID = D1F164EB26A7FA3000F8C034;
					};
					D1F1668626A814F700F8C034 = {
						CreatedOnToolsVersion = 12.4;
						LastSwiftMigration = 1240;
					};
					D1F1668E26A814F800F8C034 = {
						CreatedOnToolsVersion = 12.4;
						TestTargetID = D1F164EB26A7FA3000F8C034;
					};
				};
			};
			buildConfigurationList = D1F164E726A7FA3000F8C034 /* Build configuration list for PBXProject "Map4D" */;
			compatibilityVersion = "Xcode 9.3";
			developmentRegion = en;
			hasScannedForEncodings = 0;
			knownRegions = (
				en,
				Base,
			);
			mainGroup = D1F164E326A7FA3000F8C034;
			productRefGroup = D1F164ED26A7FA3000F8C034 /* Products */;
			projectDirPath = "";
			projectRoot = "";
			targets = (
				D1F164EB26A7FA3000F8C034 /* Map4D */,
				D1F1650126A7FA3500F8C034 /* Map4DTests */,
				D1F1650C26A7FA3500F8C034 /* Map4DUITests */,
				D1F1668626A814F700F8C034 /* ViewModel */,
				D1F1668E26A814F800F8C034 /* ViewModelTests */,
				D10BED9B26AD3A9700EDB809 /* Model */,
				D10BEDA326AD3A9800EDB809 /* ModelTests */,
			);
		};
/* End PBXProject section */

/* Begin PBXResourcesBuildPhase section */
		D10BED9A26AD3A9700EDB809 /* Resources */ = {
			isa = PBXResourcesBuildPhase;
			buildActionMask = 2147483647;
			files = (
			);
			runOnlyForDeploymentPostprocessing = 0;
		};
		D10BEDA226AD3A9800EDB809 /* Resources */ = {
			isa = PBXResourcesBuildPhase;
			buildActionMask = 2147483647;
			files = (
			);
			runOnlyForDeploymentPostprocessing = 0;
		};
		D1F164EA26A7FA3000F8C034 /* Resources */ = {
			isa = PBXResourcesBuildPhase;
			buildActionMask = 2147483647;
			files = (
				D10BEF0526AD42D100EDB809 /* Colors.xcassets in Resources */,
				D10BEF0626AD42D100EDB809 /* Images.xcassets in Resources */,
				D10BF0EE26AD727300EDB809 /* OpenSans-Bold.ttf in Resources */,
				D10BF0EF26AD727300EDB809 /* OpenSans-Regular.ttf in Resources */,
				D10BF0ED26AD727300EDB809 /* OpenSans-SemiBold.ttf in Resources */,
				D10BF0F026AD727300EDB809 /* Localizable.strings in Resources */,
				D1F164FC26A7FA3300F8C034 /* LaunchScreen.storyboard in Resources */,
				D1F164F926A7FA3300F8C034 /* Assets.xcassets in Resources */,
			);
			runOnlyForDeploymentPostprocessing = 0;
		};
		D1F1650026A7FA3500F8C034 /* Resources */ = {
			isa = PBXResourcesBuildPhase;
			buildActionMask = 2147483647;
			files = (
			);
			runOnlyForDeploymentPostprocessing = 0;
		};
		D1F1650B26A7FA3500F8C034 /* Resources */ = {
			isa = PBXResourcesBuildPhase;
			buildActionMask = 2147483647;
			files = (
			);
			runOnlyForDeploymentPostprocessing = 0;
		};
		D1F1668526A814F700F8C034 /* Resources */ = {
			isa = PBXResourcesBuildPhase;
			buildActionMask = 2147483647;
			files = (
			);
			runOnlyForDeploymentPostprocessing = 0;
		};
		D1F1668D26A814F800F8C034 /* Resources */ = {
			isa = PBXResourcesBuildPhase;
			buildActionMask = 2147483647;
			files = (
			);
			runOnlyForDeploymentPostprocessing = 0;
		};
/* End PBXResourcesBuildPhase section */

/* Begin PBXShellScriptBuildPhase section */
		2278EAE5D6F7E250C51AB45C /* [CP] Embed Pods Frameworks */ = {
			isa = PBXShellScriptBuildPhase;
			buildActionMask = 2147483647;
			files = (
			);
			inputFileListPaths = (
				"${PODS_ROOT}/Target Support Files/Pods-Map4D/Pods-Map4D-frameworks-${CONFIGURATION}-input-files.xcfilelist",
			);
			name = "[CP] Embed Pods Frameworks";
			outputFileListPaths = (
				"${PODS_ROOT}/Target Support Files/Pods-Map4D/Pods-Map4D-frameworks-${CONFIGURATION}-output-files.xcfilelist",
			);
			runOnlyForDeploymentPostprocessing = 0;
			shellPath = /bin/sh;
			shellScript = "\"${PODS_ROOT}/Target Support Files/Pods-Map4D/Pods-Map4D-frameworks.sh\"\n";
			showEnvVarsInLog = 0;
		};
		3C6100B538C1465075336CC9 /* [CP] Embed Pods Frameworks */ = {
			isa = PBXShellScriptBuildPhase;
			buildActionMask = 2147483647;
			files = (
			);
			inputFileListPaths = (
				"${PODS_ROOT}/Target Support Files/Pods-Map4D-ModelTests/Pods-Map4D-ModelTests-frameworks-${CONFIGURATION}-input-files.xcfilelist",
			);
			name = "[CP] Embed Pods Frameworks";
			outputFileListPaths = (
				"${PODS_ROOT}/Target Support Files/Pods-Map4D-ModelTests/Pods-Map4D-ModelTests-frameworks-${CONFIGURATION}-output-files.xcfilelist",
			);
			runOnlyForDeploymentPostprocessing = 0;
			shellPath = /bin/sh;
			shellScript = "\"${PODS_ROOT}/Target Support Files/Pods-Map4D-ModelTests/Pods-Map4D-ModelTests-frameworks.sh\"\n";
			showEnvVarsInLog = 0;
		};
		3FDA6F6E974D337761CF53EC /* [CP] Check Pods Manifest.lock */ = {
			isa = PBXShellScriptBuildPhase;
			buildActionMask = 2147483647;
			files = (
			);
			inputFileListPaths = (
			);
			inputPaths = (
				"${PODS_PODFILE_DIR_PATH}/Podfile.lock",
				"${PODS_ROOT}/Manifest.lock",
			);
			name = "[CP] Check Pods Manifest.lock";
			outputFileListPaths = (
			);
			outputPaths = (
				"$(DERIVED_FILE_DIR)/Pods-Map4D-checkManifestLockResult.txt",
			);
			runOnlyForDeploymentPostprocessing = 0;
			shellPath = /bin/sh;
			shellScript = "diff \"${PODS_PODFILE_DIR_PATH}/Podfile.lock\" \"${PODS_ROOT}/Manifest.lock\" > /dev/null\nif [ $? != 0 ] ; then\n    # print error to STDERR\n    echo \"error: The sandbox is not in sync with the Podfile.lock. Run 'pod install' or update your CocoaPods installation.\" >&2\n    exit 1\nfi\n# This output is used by Xcode 'outputs' to avoid re-running this script phase.\necho \"SUCCESS\" > \"${SCRIPT_OUTPUT_FILE_0}\"\n";
			showEnvVarsInLog = 0;
		};
		89E2123BCB91657ACB75F526 /* [CP] Check Pods Manifest.lock */ = {
			isa = PBXShellScriptBuildPhase;
			buildActionMask = 2147483647;
			files = (
			);
			inputFileListPaths = (
			);
			inputPaths = (
				"${PODS_PODFILE_DIR_PATH}/Podfile.lock",
				"${PODS_ROOT}/Manifest.lock",
			);
			name = "[CP] Check Pods Manifest.lock";
			outputFileListPaths = (
			);
			outputPaths = (
				"$(DERIVED_FILE_DIR)/Pods-Model-checkManifestLockResult.txt",
			);
			runOnlyForDeploymentPostprocessing = 0;
			shellPath = /bin/sh;
			shellScript = "diff \"${PODS_PODFILE_DIR_PATH}/Podfile.lock\" \"${PODS_ROOT}/Manifest.lock\" > /dev/null\nif [ $? != 0 ] ; then\n    # print error to STDERR\n    echo \"error: The sandbox is not in sync with the Podfile.lock. Run 'pod install' or update your CocoaPods installation.\" >&2\n    exit 1\nfi\n# This output is used by Xcode 'outputs' to avoid re-running this script phase.\necho \"SUCCESS\" > \"${SCRIPT_OUTPUT_FILE_0}\"\n";
			showEnvVarsInLog = 0;
		};
		96DE0ED94C11CDF058577A6D /* [CP] Embed Pods Frameworks */ = {
			isa = PBXShellScriptBuildPhase;
			buildActionMask = 2147483647;
			files = (
			);
			inputFileListPaths = (
				"${PODS_ROOT}/Target Support Files/Pods-Map4D-Map4DUITests/Pods-Map4D-Map4DUITests-frameworks-${CONFIGURATION}-input-files.xcfilelist",
			);
			name = "[CP] Embed Pods Frameworks";
			outputFileListPaths = (
				"${PODS_ROOT}/Target Support Files/Pods-Map4D-Map4DUITests/Pods-Map4D-Map4DUITests-frameworks-${CONFIGURATION}-output-files.xcfilelist",
			);
			runOnlyForDeploymentPostprocessing = 0;
			shellPath = /bin/sh;
			shellScript = "\"${PODS_ROOT}/Target Support Files/Pods-Map4D-Map4DUITests/Pods-Map4D-Map4DUITests-frameworks.sh\"\n";
			showEnvVarsInLog = 0;
		};
		A4174E163400811BC1503F61 /* [CP] Check Pods Manifest.lock */ = {
			isa = PBXShellScriptBuildPhase;
			buildActionMask = 2147483647;
			files = (
			);
			inputFileListPaths = (
			);
			inputPaths = (
				"${PODS_PODFILE_DIR_PATH}/Podfile.lock",
				"${PODS_ROOT}/Manifest.lock",
			);
			name = "[CP] Check Pods Manifest.lock";
			outputFileListPaths = (
			);
			outputPaths = (
				"$(DERIVED_FILE_DIR)/Pods-ViewModel-checkManifestLockResult.txt",
			);
			runOnlyForDeploymentPostprocessing = 0;
			shellPath = /bin/sh;
			shellScript = "diff \"${PODS_PODFILE_DIR_PATH}/Podfile.lock\" \"${PODS_ROOT}/Manifest.lock\" > /dev/null\nif [ $? != 0 ] ; then\n    # print error to STDERR\n    echo \"error: The sandbox is not in sync with the Podfile.lock. Run 'pod install' or update your CocoaPods installation.\" >&2\n    exit 1\nfi\n# This output is used by Xcode 'outputs' to avoid re-running this script phase.\necho \"SUCCESS\" > \"${SCRIPT_OUTPUT_FILE_0}\"\n";
			showEnvVarsInLog = 0;
		};
		B2ADD0A96394E510924CABA4 /* [CP] Embed Pods Frameworks */ = {
			isa = PBXShellScriptBuildPhase;
			buildActionMask = 2147483647;
			files = (
			);
			inputFileListPaths = (
				"${PODS_ROOT}/Target Support Files/Pods-Map4D-ViewModelTests/Pods-Map4D-ViewModelTests-frameworks-${CONFIGURATION}-input-files.xcfilelist",
			);
			name = "[CP] Embed Pods Frameworks";
			outputFileListPaths = (
				"${PODS_ROOT}/Target Support Files/Pods-Map4D-ViewModelTests/Pods-Map4D-ViewModelTests-frameworks-${CONFIGURATION}-output-files.xcfilelist",
			);
			runOnlyForDeploymentPostprocessing = 0;
			shellPath = /bin/sh;
			shellScript = "\"${PODS_ROOT}/Target Support Files/Pods-Map4D-ViewModelTests/Pods-Map4D-ViewModelTests-frameworks.sh\"\n";
			showEnvVarsInLog = 0;
		};
		B9B7FD3E0AECE70772FA4632 /* [CP] Check Pods Manifest.lock */ = {
			isa = PBXShellScriptBuildPhase;
			buildActionMask = 2147483647;
			files = (
			);
			inputFileListPaths = (
			);
			inputPaths = (
				"${PODS_PODFILE_DIR_PATH}/Podfile.lock",
				"${PODS_ROOT}/Manifest.lock",
			);
			name = "[CP] Check Pods Manifest.lock";
			outputFileListPaths = (
			);
			outputPaths = (
				"$(DERIVED_FILE_DIR)/Pods-Map4D-ModelTests-checkManifestLockResult.txt",
			);
			runOnlyForDeploymentPostprocessing = 0;
			shellPath = /bin/sh;
			shellScript = "diff \"${PODS_PODFILE_DIR_PATH}/Podfile.lock\" \"${PODS_ROOT}/Manifest.lock\" > /dev/null\nif [ $? != 0 ] ; then\n    # print error to STDERR\n    echo \"error: The sandbox is not in sync with the Podfile.lock. Run 'pod install' or update your CocoaPods installation.\" >&2\n    exit 1\nfi\n# This output is used by Xcode 'outputs' to avoid re-running this script phase.\necho \"SUCCESS\" > \"${SCRIPT_OUTPUT_FILE_0}\"\n";
			showEnvVarsInLog = 0;
		};
		C07343B278C7B0A7B16E7750 /* [CP] Check Pods Manifest.lock */ = {
			isa = PBXShellScriptBuildPhase;
			buildActionMask = 2147483647;
			files = (
			);
			inputFileListPaths = (
			);
			inputPaths = (
				"${PODS_PODFILE_DIR_PATH}/Podfile.lock",
				"${PODS_ROOT}/Manifest.lock",
			);
			name = "[CP] Check Pods Manifest.lock";
			outputFileListPaths = (
			);
			outputPaths = (
				"$(DERIVED_FILE_DIR)/Pods-Map4D-ViewModelTests-checkManifestLockResult.txt",
			);
			runOnlyForDeploymentPostprocessing = 0;
			shellPath = /bin/sh;
			shellScript = "diff \"${PODS_PODFILE_DIR_PATH}/Podfile.lock\" \"${PODS_ROOT}/Manifest.lock\" > /dev/null\nif [ $? != 0 ] ; then\n    # print error to STDERR\n    echo \"error: The sandbox is not in sync with the Podfile.lock. Run 'pod install' or update your CocoaPods installation.\" >&2\n    exit 1\nfi\n# This output is used by Xcode 'outputs' to avoid re-running this script phase.\necho \"SUCCESS\" > \"${SCRIPT_OUTPUT_FILE_0}\"\n";
			showEnvVarsInLog = 0;
		};
		D10BEE4E26AD3F0400EDB809 /* RSwift */ = {
			isa = PBXShellScriptBuildPhase;
			buildActionMask = 2147483647;
			files = (
			);
			inputFileListPaths = (
			);
			inputPaths = (
				"$TEMP_DIR/rswift-lastrun",
			);
			name = RSwift;
			outputFileListPaths = (
			);
			outputPaths = (
				$SRCROOT/R.generated.swift,
			);
			runOnlyForDeploymentPostprocessing = 0;
			shellPath = /bin/sh;
			shellScript = "\"$PODS_ROOT/R.swift/rswift\" generate \"$SRCROOT/R.generated.swift\"\n";
		};
		DA946290E535957E7F281FD5 /* [CP] Check Pods Manifest.lock */ = {
			isa = PBXShellScriptBuildPhase;
			buildActionMask = 2147483647;
			files = (
			);
			inputFileListPaths = (
			);
			inputPaths = (
				"${PODS_PODFILE_DIR_PATH}/Podfile.lock",
				"${PODS_ROOT}/Manifest.lock",
			);
			name = "[CP] Check Pods Manifest.lock";
			outputFileListPaths = (
			);
			outputPaths = (
				"$(DERIVED_FILE_DIR)/Pods-Map4DTests-checkManifestLockResult.txt",
			);
			runOnlyForDeploymentPostprocessing = 0;
			shellPath = /bin/sh;
			shellScript = "diff \"${PODS_PODFILE_DIR_PATH}/Podfile.lock\" \"${PODS_ROOT}/Manifest.lock\" > /dev/null\nif [ $? != 0 ] ; then\n    # print error to STDERR\n    echo \"error: The sandbox is not in sync with the Podfile.lock. Run 'pod install' or update your CocoaPods installation.\" >&2\n    exit 1\nfi\n# This output is used by Xcode 'outputs' to avoid re-running this script phase.\necho \"SUCCESS\" > \"${SCRIPT_OUTPUT_FILE_0}\"\n";
			showEnvVarsInLog = 0;
		};
		E22CC20583FE5B72629C2240 /* [CP] Check Pods Manifest.lock */ = {
			isa = PBXShellScriptBuildPhase;
			buildActionMask = 2147483647;
			files = (
			);
			inputFileListPaths = (
			);
			inputPaths = (
				"${PODS_PODFILE_DIR_PATH}/Podfile.lock",
				"${PODS_ROOT}/Manifest.lock",
			);
			name = "[CP] Check Pods Manifest.lock";
			outputFileListPaths = (
			);
			outputPaths = (
				"$(DERIVED_FILE_DIR)/Pods-Map4D-Map4DUITests-checkManifestLockResult.txt",
			);
			runOnlyForDeploymentPostprocessing = 0;
			shellPath = /bin/sh;
			shellScript = "diff \"${PODS_PODFILE_DIR_PATH}/Podfile.lock\" \"${PODS_ROOT}/Manifest.lock\" > /dev/null\nif [ $? != 0 ] ; then\n    # print error to STDERR\n    echo \"error: The sandbox is not in sync with the Podfile.lock. Run 'pod install' or update your CocoaPods installation.\" >&2\n    exit 1\nfi\n# This output is used by Xcode 'outputs' to avoid re-running this script phase.\necho \"SUCCESS\" > \"${SCRIPT_OUTPUT_FILE_0}\"\n";
			showEnvVarsInLog = 0;
		};
/* End PBXShellScriptBuildPhase section */

/* Begin PBXSourcesBuildPhase section */
		D10BED9826AD3A9700EDB809 /* Sources */ = {
			isa = PBXSourcesBuildPhase;
			buildActionMask = 2147483647;
			files = (
				D10BF1E926ADB0C700EDB809 /* Response.swift in Sources */,
				D10BF1EB26ADB0E900EDB809 /* Error.swift in Sources */,
				D10BEDC026AD3AAD00EDB809 /* Place.swift in Sources */,
			);
			runOnlyForDeploymentPostprocessing = 0;
		};
		D10BEDA026AD3A9800EDB809 /* Sources */ = {
			isa = PBXSourcesBuildPhase;
			buildActionMask = 2147483647;
			files = (
				D10BEDAC26AD3A9800EDB809 /* ModelTests.swift in Sources */,
			);
			runOnlyForDeploymentPostprocessing = 0;
		};
		D1F164E826A7FA3000F8C034 /* Sources */ = {
			isa = PBXSourcesBuildPhase;
			buildActionMask = 2147483647;
			files = (
				D1F1653226A7FB8D00F8C034 /* Application.swift in Sources */,
				D16F5A9C26AAA87B00E02D6C /* UIFont+Extension.swift in Sources */,
				D1F1657626A7FF1D00F8C034 /* SavedNavigator.swift in Sources */,
				D1F1656626A7FEBE00F8C034 /* OptionsSceneNavigator.swift in Sources */,
				D1F1654226A7FC9400F8C034 /* NavigationController.swift in Sources */,
				D1F1657E26A7FF5400F8C034 /* OptionsNavigator.swift in Sources */,
				D1F1654E26A7FD3200F8C034 /* HomeSceneNavigator.swift in Sources */,
				D10BF16B26AD772700EDB809 /* R.generated.swift in Sources */,
				D1819C2A26A8661900C9DFDC /* Observable+Extension.swift in Sources */,
				D1F1658726A800F000F8C034 /* UITabBarController+Extension.swift in Sources */,
				D1F1656026A7FEB200F8C034 /* SavedSceneNavigator.swift in Sources */,
				D1F1653D26A7FC7C00F8C034 /* Navigator.swift in Sources */,
				D1F164F426A7FA3000F8C034 /* HomeScene.swift in Sources */,
				D1F165E626A80FB600F8C034 /* Scene.swift in Sources */,
				D1F1655F26A7FEB200F8C034 /* SavedScene.swift in Sources */,
				D1F165CF26A80AF300F8C034 /* HomeScene+Content.swift in Sources */,
				D1F1654726A7FCC900F8C034 /* HomeNavigator.swift in Sources */,
				D1F164F026A7FA3000F8C034 /* AppDelegate.swift in Sources */,
				D10BF20C26ADB4E600EDB809 /* HomeScene+Extension.swift in Sources */,
				D1F1653726A7FB9900F8C034 /* AppController.swift in Sources */,
				D1F1656726A7FEBE00F8C034 /* OptionsViewController.swift in Sources */,
			);
			runOnlyForDeploymentPostprocessing = 0;
		};
		D1F164FE26A7FA3500F8C034 /* Sources */ = {
			isa = PBXSourcesBuildPhase;
			buildActionMask = 2147483647;
			files = (
				D1F1650726A7FA3500F8C034 /* Map4DTests.swift in Sources */,
			);
			runOnlyForDeploymentPostprocessing = 0;
		};
		D1F1650926A7FA3500F8C034 /* Sources */ = {
			isa = PBXSourcesBuildPhase;
			buildActionMask = 2147483647;
			files = (
				D1F1651226A7FA3500F8C034 /* Map4DUITests.swift in Sources */,
			);
			runOnlyForDeploymentPostprocessing = 0;
		};
		D1F1668326A814F700F8C034 /* Sources */ = {
			isa = PBXSourcesBuildPhase;
			buildActionMask = 2147483647;
			files = (
				D10BF1E326ADAB5B00EDB809 /* ActivityIndicator.swift in Sources */,
				D1819C4026A8688900C9DFDC /* ViewModel.swift in Sources */,
				D10BF1E726ADAC6900EDB809 /* Observable+Extension.swift in Sources */,
				D1F166AC26A8152F00F8C034 /* HomeViewModel.swift in Sources */,
				D10BF1E526ADAC6500EDB809 /* ErrorTracker.swift in Sources */,
			);
			runOnlyForDeploymentPostprocessing = 0;
		};
		D1F1668B26A814F800F8C034 /* Sources */ = {
			isa = PBXSourcesBuildPhase;
			buildActionMask = 2147483647;
			files = (
				D1F1669726A814F800F8C034 /* ViewModelTests.swift in Sources */,
			);
			runOnlyForDeploymentPostprocessing = 0;
		};
/* End PBXSourcesBuildPhase section */

/* Begin PBXTargetDependency section */
		D10BEDA726AD3A9800EDB809 /* PBXTargetDependency */ = {
			isa = PBXTargetDependency;
			target = D10BED9B26AD3A9700EDB809 /* Model */;
			targetProxy = D10BEDA626AD3A9800EDB809 /* PBXContainerItemProxy */;
		};
		D10BEDA926AD3A9800EDB809 /* PBXTargetDependency */ = {
			isa = PBXTargetDependency;
			target = D1F164EB26A7FA3000F8C034 /* Map4D */;
			targetProxy = D10BEDA826AD3A9800EDB809 /* PBXContainerItemProxy */;
		};
		D10BEDB026AD3A9800EDB809 /* PBXTargetDependency */ = {
			isa = PBXTargetDependency;
			target = D10BED9B26AD3A9700EDB809 /* Model */;
			targetProxy = D10BEDAF26AD3A9800EDB809 /* PBXContainerItemProxy */;
		};
		D1F1650426A7FA3500F8C034 /* PBXTargetDependency */ = {
			isa = PBXTargetDependency;
			target = D1F164EB26A7FA3000F8C034 /* Map4D */;
			targetProxy = D1F1650326A7FA3500F8C034 /* PBXContainerItemProxy */;
		};
		D1F1650F26A7FA3500F8C034 /* PBXTargetDependency */ = {
			isa = PBXTargetDependency;
			target = D1F164EB26A7FA3000F8C034 /* Map4D */;
			targetProxy = D1F1650E26A7FA3500F8C034 /* PBXContainerItemProxy */;
		};
		D1F1669226A814F800F8C034 /* PBXTargetDependency */ = {
			isa = PBXTargetDependency;
			target = D1F1668626A814F700F8C034 /* ViewModel */;
			targetProxy = D1F1669126A814F800F8C034 /* PBXContainerItemProxy */;
		};
		D1F1669426A814F800F8C034 /* PBXTargetDependency */ = {
			isa = PBXTargetDependency;
			target = D1F164EB26A7FA3000F8C034 /* Map4D */;
			targetProxy = D1F1669326A814F800F8C034 /* PBXContainerItemProxy */;
		};
		D1F1669B26A814F800F8C034 /* PBXTargetDependency */ = {
			isa = PBXTargetDependency;
			target = D1F1668626A814F700F8C034 /* ViewModel */;
			targetProxy = D1F1669A26A814F800F8C034 /* PBXContainerItemProxy */;
		};
/* End PBXTargetDependency section */

/* Begin PBXVariantGroup section */
		D10BF0EB26AD727200EDB809 /* Localizable.strings */ = {
			isa = PBXVariantGroup;
			children = (
				D10BF0EC26AD727200EDB809 /* en */,
			);
			name = Localizable.strings;
			sourceTree = "<group>";
		};
		D1F164FA26A7FA3300F8C034 /* LaunchScreen.storyboard */ = {
			isa = PBXVariantGroup;
			children = (
				D1F164FB26A7FA3300F8C034 /* Base */,
			);
			name = LaunchScreen.storyboard;
			sourceTree = "<group>";
		};
/* End PBXVariantGroup section */

/* Begin XCBuildConfiguration section */
		D10BEDB426AD3A9800EDB809 /* Debug */ = {
			isa = XCBuildConfiguration;
			baseConfigurationReference = 304FAD61A60BBF1987395721 /* Pods-Model.debug.xcconfig */;
			buildSettings = {
				CLANG_ENABLE_MODULES = YES;
				CODE_SIGN_STYLE = Automatic;
				CURRENT_PROJECT_VERSION = 1;
				DEFINES_MODULE = YES;
				DEVELOPMENT_TEAM = C9QT66NNBA;
				DYLIB_COMPATIBILITY_VERSION = 1;
				DYLIB_CURRENT_VERSION = 1;
				DYLIB_INSTALL_NAME_BASE = "@rpath";
				INFOPLIST_FILE = Model/Info.plist;
				INSTALL_PATH = "$(LOCAL_LIBRARY_DIR)/Frameworks";
				IPHONEOS_DEPLOYMENT_TARGET = 11.0;
				LD_RUNPATH_SEARCH_PATHS = (
					"$(inherited)",
					"@executable_path/Frameworks",
					"@loader_path/Frameworks",
				);
				PRODUCT_BUNDLE_IDENTIFIER = vn.map4d.Model;
				PRODUCT_NAME = "$(TARGET_NAME:c99extidentifier)";
				SKIP_INSTALL = YES;
				SWIFT_OPTIMIZATION_LEVEL = "-Onone";
				SWIFT_VERSION = 5.0;
				TARGETED_DEVICE_FAMILY = "1,2";
				VERSIONING_SYSTEM = "apple-generic";
				VERSION_INFO_PREFIX = "";
			};
			name = Debug;
		};
		D10BEDB526AD3A9800EDB809 /* Release */ = {
			isa = XCBuildConfiguration;
			baseConfigurationReference = 5E19FBC39F79F2337E520B64 /* Pods-Model.release.xcconfig */;
			buildSettings = {
				CLANG_ENABLE_MODULES = YES;
				CODE_SIGN_STYLE = Automatic;
				CURRENT_PROJECT_VERSION = 1;
				DEFINES_MODULE = YES;
				DEVELOPMENT_TEAM = C9QT66NNBA;
				DYLIB_COMPATIBILITY_VERSION = 1;
				DYLIB_CURRENT_VERSION = 1;
				DYLIB_INSTALL_NAME_BASE = "@rpath";
				INFOPLIST_FILE = Model/Info.plist;
				INSTALL_PATH = "$(LOCAL_LIBRARY_DIR)/Frameworks";
				IPHONEOS_DEPLOYMENT_TARGET = 11.0;
				LD_RUNPATH_SEARCH_PATHS = (
					"$(inherited)",
					"@executable_path/Frameworks",
					"@loader_path/Frameworks",
				);
				PRODUCT_BUNDLE_IDENTIFIER = vn.map4d.Model;
				PRODUCT_NAME = "$(TARGET_NAME:c99extidentifier)";
				SKIP_INSTALL = YES;
				SWIFT_VERSION = 5.0;
				TARGETED_DEVICE_FAMILY = "1,2";
				VERSIONING_SYSTEM = "apple-generic";
				VERSION_INFO_PREFIX = "";
			};
			name = Release;
		};
		D10BEDB726AD3A9800EDB809 /* Debug */ = {
			isa = XCBuildConfiguration;
			baseConfigurationReference = 9685978930B246993A33AADB /* Pods-Map4D-ModelTests.debug.xcconfig */;
			buildSettings = {
				ALWAYS_EMBED_SWIFT_STANDARD_LIBRARIES = YES;
				CODE_SIGN_STYLE = Automatic;
				INFOPLIST_FILE = ModelTests/Info.plist;
				IPHONEOS_DEPLOYMENT_TARGET = 14.4;
				LD_RUNPATH_SEARCH_PATHS = (
					"$(inherited)",
					"@executable_path/Frameworks",
					"@loader_path/Frameworks",
				);
				PRODUCT_BUNDLE_IDENTIFIER = vn.map4d.ModelTests;
				PRODUCT_NAME = "$(TARGET_NAME)";
				SWIFT_VERSION = 5.0;
				TARGETED_DEVICE_FAMILY = "1,2";
				TEST_HOST = "$(BUILT_PRODUCTS_DIR)/Map4D.app/Map4D";
			};
			name = Debug;
		};
		D10BEDB826AD3A9800EDB809 /* Release */ = {
			isa = XCBuildConfiguration;
			baseConfigurationReference = BCAA3F854B0780227D421F8C /* Pods-Map4D-ModelTests.release.xcconfig */;
			buildSettings = {
				ALWAYS_EMBED_SWIFT_STANDARD_LIBRARIES = YES;
				CODE_SIGN_STYLE = Automatic;
				INFOPLIST_FILE = ModelTests/Info.plist;
				IPHONEOS_DEPLOYMENT_TARGET = 14.4;
				LD_RUNPATH_SEARCH_PATHS = (
					"$(inherited)",
					"@executable_path/Frameworks",
					"@loader_path/Frameworks",
				);
				PRODUCT_BUNDLE_IDENTIFIER = vn.map4d.ModelTests;
				PRODUCT_NAME = "$(TARGET_NAME)";
				SWIFT_VERSION = 5.0;
				TARGETED_DEVICE_FAMILY = "1,2";
				TEST_HOST = "$(BUILT_PRODUCTS_DIR)/Map4D.app/Map4D";
			};
			name = Release;
		};
		D1F1651426A7FA3500F8C034 /* Debug */ = {
			isa = XCBuildConfiguration;
			buildSettings = {
				ALWAYS_SEARCH_USER_PATHS = NO;
				CLANG_ANALYZER_NONNULL = YES;
				CLANG_ANALYZER_NUMBER_OBJECT_CONVERSION = YES_AGGRESSIVE;
				CLANG_CXX_LANGUAGE_STANDARD = "gnu++14";
				CLANG_CXX_LIBRARY = "libc++";
				CLANG_ENABLE_MODULES = YES;
				CLANG_ENABLE_OBJC_ARC = YES;
				CLANG_ENABLE_OBJC_WEAK = YES;
				CLANG_WARN_BLOCK_CAPTURE_AUTORELEASING = YES;
				CLANG_WARN_BOOL_CONVERSION = YES;
				CLANG_WARN_COMMA = YES;
				CLANG_WARN_CONSTANT_CONVERSION = YES;
				CLANG_WARN_DEPRECATED_OBJC_IMPLEMENTATIONS = YES;
				CLANG_WARN_DIRECT_OBJC_ISA_USAGE = YES_ERROR;
				CLANG_WARN_DOCUMENTATION_COMMENTS = YES;
				CLANG_WARN_EMPTY_BODY = YES;
				CLANG_WARN_ENUM_CONVERSION = YES;
				CLANG_WARN_INFINITE_RECURSION = YES;
				CLANG_WARN_INT_CONVERSION = YES;
				CLANG_WARN_NON_LITERAL_NULL_CONVERSION = YES;
				CLANG_WARN_OBJC_IMPLICIT_RETAIN_SELF = YES;
				CLANG_WARN_OBJC_LITERAL_CONVERSION = YES;
				CLANG_WARN_OBJC_ROOT_CLASS = YES_ERROR;
				CLANG_WARN_QUOTED_INCLUDE_IN_FRAMEWORK_HEADER = YES;
				CLANG_WARN_RANGE_LOOP_ANALYSIS = YES;
				CLANG_WARN_STRICT_PROTOTYPES = YES;
				CLANG_WARN_SUSPICIOUS_MOVE = YES;
				CLANG_WARN_UNGUARDED_AVAILABILITY = YES_AGGRESSIVE;
				CLANG_WARN_UNREACHABLE_CODE = YES;
				CLANG_WARN__DUPLICATE_METHOD_MATCH = YES;
				COPY_PHASE_STRIP = NO;
				DEBUG_INFORMATION_FORMAT = dwarf;
				ENABLE_STRICT_OBJC_MSGSEND = YES;
				ENABLE_TESTABILITY = YES;
				GCC_C_LANGUAGE_STANDARD = gnu11;
				GCC_DYNAMIC_NO_PIC = NO;
				GCC_NO_COMMON_BLOCKS = YES;
				GCC_OPTIMIZATION_LEVEL = 0;
				GCC_PREPROCESSOR_DEFINITIONS = (
					"DEBUG=1",
					"$(inherited)",
				);
				GCC_WARN_64_TO_32_BIT_CONVERSION = YES;
				GCC_WARN_ABOUT_RETURN_TYPE = YES_ERROR;
				GCC_WARN_UNDECLARED_SELECTOR = YES;
				GCC_WARN_UNINITIALIZED_AUTOS = YES_AGGRESSIVE;
				GCC_WARN_UNUSED_FUNCTION = YES;
				GCC_WARN_UNUSED_VARIABLE = YES;
				IPHONEOS_DEPLOYMENT_TARGET = 11.0;
				MTL_ENABLE_DEBUG_INFO = INCLUDE_SOURCE;
				MTL_FAST_MATH = YES;
				ONLY_ACTIVE_ARCH = YES;
				SDKROOT = iphoneos;
				SWIFT_ACTIVE_COMPILATION_CONDITIONS = DEBUG;
				SWIFT_OPTIMIZATION_LEVEL = "-Onone";
			};
			name = Debug;
		};
		D1F1651526A7FA3500F8C034 /* Release */ = {
			isa = XCBuildConfiguration;
			buildSettings = {
				ALWAYS_SEARCH_USER_PATHS = NO;
				CLANG_ANALYZER_NONNULL = YES;
				CLANG_ANALYZER_NUMBER_OBJECT_CONVERSION = YES_AGGRESSIVE;
				CLANG_CXX_LANGUAGE_STANDARD = "gnu++14";
				CLANG_CXX_LIBRARY = "libc++";
				CLANG_ENABLE_MODULES = YES;
				CLANG_ENABLE_OBJC_ARC = YES;
				CLANG_ENABLE_OBJC_WEAK = YES;
				CLANG_WARN_BLOCK_CAPTURE_AUTORELEASING = YES;
				CLANG_WARN_BOOL_CONVERSION = YES;
				CLANG_WARN_COMMA = YES;
				CLANG_WARN_CONSTANT_CONVERSION = YES;
				CLANG_WARN_DEPRECATED_OBJC_IMPLEMENTATIONS = YES;
				CLANG_WARN_DIRECT_OBJC_ISA_USAGE = YES_ERROR;
				CLANG_WARN_DOCUMENTATION_COMMENTS = YES;
				CLANG_WARN_EMPTY_BODY = YES;
				CLANG_WARN_ENUM_CONVERSION = YES;
				CLANG_WARN_INFINITE_RECURSION = YES;
				CLANG_WARN_INT_CONVERSION = YES;
				CLANG_WARN_NON_LITERAL_NULL_CONVERSION = YES;
				CLANG_WARN_OBJC_IMPLICIT_RETAIN_SELF = YES;
				CLANG_WARN_OBJC_LITERAL_CONVERSION = YES;
				CLANG_WARN_OBJC_ROOT_CLASS = YES_ERROR;
				CLANG_WARN_QUOTED_INCLUDE_IN_FRAMEWORK_HEADER = YES;
				CLANG_WARN_RANGE_LOOP_ANALYSIS = YES;
				CLANG_WARN_STRICT_PROTOTYPES = YES;
				CLANG_WARN_SUSPICIOUS_MOVE = YES;
				CLANG_WARN_UNGUARDED_AVAILABILITY = YES_AGGRESSIVE;
				CLANG_WARN_UNREACHABLE_CODE = YES;
				CLANG_WARN__DUPLICATE_METHOD_MATCH = YES;
				COPY_PHASE_STRIP = NO;
				DEBUG_INFORMATION_FORMAT = "dwarf-with-dsym";
				ENABLE_NS_ASSERTIONS = NO;
				ENABLE_STRICT_OBJC_MSGSEND = YES;
				GCC_C_LANGUAGE_STANDARD = gnu11;
				GCC_NO_COMMON_BLOCKS = YES;
				GCC_WARN_64_TO_32_BIT_CONVERSION = YES;
				GCC_WARN_ABOUT_RETURN_TYPE = YES_ERROR;
				GCC_WARN_UNDECLARED_SELECTOR = YES;
				GCC_WARN_UNINITIALIZED_AUTOS = YES_AGGRESSIVE;
				GCC_WARN_UNUSED_FUNCTION = YES;
				GCC_WARN_UNUSED_VARIABLE = YES;
				IPHONEOS_DEPLOYMENT_TARGET = 11.0;
				MTL_ENABLE_DEBUG_INFO = NO;
				MTL_FAST_MATH = YES;
				SDKROOT = iphoneos;
				SWIFT_COMPILATION_MODE = wholemodule;
				SWIFT_OPTIMIZATION_LEVEL = "-O";
				VALIDATE_PRODUCT = YES;
			};
			name = Release;
		};
		D1F1651726A7FA3500F8C034 /* Debug */ = {
			isa = XCBuildConfiguration;
			baseConfigurationReference = 4E6469C6301C4BA54ED1BB14 /* Pods-Map4D.debug.xcconfig */;
			buildSettings = {
				ALWAYS_EMBED_SWIFT_STANDARD_LIBRARIES = YES;
				ASSETCATALOG_COMPILER_APPICON_NAME = AppIcon;
				ASSETCATALOG_COMPILER_GLOBAL_ACCENT_COLOR_NAME = AccentColor;
				CODE_SIGN_STYLE = Automatic;
				DEVELOPMENT_TEAM = C9QT66NNBA;
				INFOPLIST_FILE = Map4D/Info.plist;
				LD_RUNPATH_SEARCH_PATHS = (
					"$(inherited)",
					"@executable_path/Frameworks",
				);
				PRODUCT_BUNDLE_IDENTIFIER = vn.map4d.map;
				PRODUCT_NAME = "$(TARGET_NAME)";
				SWIFT_VERSION = 5.0;
				TARGETED_DEVICE_FAMILY = "1,2";
			};
			name = Debug;
		};
		D1F1651826A7FA3500F8C034 /* Release */ = {
			isa = XCBuildConfiguration;
			baseConfigurationReference = 9CE50EE3C5DC140821A0F1A1 /* Pods-Map4D.release.xcconfig */;
			buildSettings = {
				ALWAYS_EMBED_SWIFT_STANDARD_LIBRARIES = YES;
				ASSETCATALOG_COMPILER_APPICON_NAME = AppIcon;
				ASSETCATALOG_COMPILER_GLOBAL_ACCENT_COLOR_NAME = AccentColor;
				CODE_SIGN_STYLE = Automatic;
				DEVELOPMENT_TEAM = C9QT66NNBA;
				INFOPLIST_FILE = Map4D/Info.plist;
				LD_RUNPATH_SEARCH_PATHS = (
					"$(inherited)",
					"@executable_path/Frameworks",
				);
				PRODUCT_BUNDLE_IDENTIFIER = vn.map4d.map;
				PRODUCT_NAME = "$(TARGET_NAME)";
				SWIFT_VERSION = 5.0;
				TARGETED_DEVICE_FAMILY = "1,2";
			};
			name = Release;
		};
		D1F1651A26A7FA3500F8C034 /* Debug */ = {
			isa = XCBuildConfiguration;
			baseConfigurationReference = B0DE96C6AC93B8FE050D43C1 /* Pods-Map4DTests.debug.xcconfig */;
			buildSettings = {
				ALWAYS_EMBED_SWIFT_STANDARD_LIBRARIES = YES;
				BUNDLE_LOADER = "$(TEST_HOST)";
				CODE_SIGN_STYLE = Automatic;
				INFOPLIST_FILE = Map4DTests/Info.plist;
				IPHONEOS_DEPLOYMENT_TARGET = 14.4;
				LD_RUNPATH_SEARCH_PATHS = (
					"$(inherited)",
					"@executable_path/Frameworks",
					"@loader_path/Frameworks",
				);
				PRODUCT_BUNDLE_IDENTIFIER = vn.map4d.Map4DTests;
				PRODUCT_NAME = "$(TARGET_NAME)";
				SWIFT_VERSION = 5.0;
				TARGETED_DEVICE_FAMILY = "1,2";
				TEST_HOST = "$(BUILT_PRODUCTS_DIR)/Map4D.app/Map4D";
			};
			name = Debug;
		};
		D1F1651B26A7FA3500F8C034 /* Release */ = {
			isa = XCBuildConfiguration;
			baseConfigurationReference = E4518CE102B817AB927C5668 /* Pods-Map4DTests.release.xcconfig */;
			buildSettings = {
				ALWAYS_EMBED_SWIFT_STANDARD_LIBRARIES = YES;
				BUNDLE_LOADER = "$(TEST_HOST)";
				CODE_SIGN_STYLE = Automatic;
				INFOPLIST_FILE = Map4DTests/Info.plist;
				IPHONEOS_DEPLOYMENT_TARGET = 14.4;
				LD_RUNPATH_SEARCH_PATHS = (
					"$(inherited)",
					"@executable_path/Frameworks",
					"@loader_path/Frameworks",
				);
				PRODUCT_BUNDLE_IDENTIFIER = vn.map4d.Map4DTests;
				PRODUCT_NAME = "$(TARGET_NAME)";
				SWIFT_VERSION = 5.0;
				TARGETED_DEVICE_FAMILY = "1,2";
				TEST_HOST = "$(BUILT_PRODUCTS_DIR)/Map4D.app/Map4D";
			};
			name = Release;
		};
		D1F1651D26A7FA3500F8C034 /* Debug */ = {
			isa = XCBuildConfiguration;
			baseConfigurationReference = 75CF503A33ED9D0DE3E070A6 /* Pods-Map4D-Map4DUITests.debug.xcconfig */;
			buildSettings = {
				ALWAYS_EMBED_SWIFT_STANDARD_LIBRARIES = YES;
				CODE_SIGN_STYLE = Automatic;
				INFOPLIST_FILE = Map4DUITests/Info.plist;
				LD_RUNPATH_SEARCH_PATHS = (
					"$(inherited)",
					"@executable_path/Frameworks",
					"@loader_path/Frameworks",
				);
				PRODUCT_BUNDLE_IDENTIFIER = vn.map4d.Map4DUITests;
				PRODUCT_NAME = "$(TARGET_NAME)";
				SWIFT_VERSION = 5.0;
				TARGETED_DEVICE_FAMILY = "1,2";
				TEST_TARGET_NAME = Map4D;
			};
			name = Debug;
		};
		D1F1651E26A7FA3500F8C034 /* Release */ = {
			isa = XCBuildConfiguration;
			baseConfigurationReference = 293476553206B3D04BF3B533 /* Pods-Map4D-Map4DUITests.release.xcconfig */;
			buildSettings = {
				ALWAYS_EMBED_SWIFT_STANDARD_LIBRARIES = YES;
				CODE_SIGN_STYLE = Automatic;
				INFOPLIST_FILE = Map4DUITests/Info.plist;
				LD_RUNPATH_SEARCH_PATHS = (
					"$(inherited)",
					"@executable_path/Frameworks",
					"@loader_path/Frameworks",
				);
				PRODUCT_BUNDLE_IDENTIFIER = vn.map4d.Map4DUITests;
				PRODUCT_NAME = "$(TARGET_NAME)";
				SWIFT_VERSION = 5.0;
				TARGETED_DEVICE_FAMILY = "1,2";
				TEST_TARGET_NAME = Map4D;
			};
			name = Release;
		};
		D1F1669F26A814F800F8C034 /* Debug */ = {
			isa = XCBuildConfiguration;
			baseConfigurationReference = 205F041F9363FA90538FD326 /* Pods-ViewModel.debug.xcconfig */;
			buildSettings = {
				CLANG_ENABLE_MODULES = YES;
				CODE_SIGN_STYLE = Automatic;
				CURRENT_PROJECT_VERSION = 1;
				DEFINES_MODULE = YES;
				DEVELOPMENT_TEAM = C9QT66NNBA;
				DYLIB_COMPATIBILITY_VERSION = 1;
				DYLIB_CURRENT_VERSION = 1;
				DYLIB_INSTALL_NAME_BASE = "@rpath";
				INFOPLIST_FILE = ViewModel/Info.plist;
				INSTALL_PATH = "$(LOCAL_LIBRARY_DIR)/Frameworks";
				IPHONEOS_DEPLOYMENT_TARGET = 11.0;
				LD_RUNPATH_SEARCH_PATHS = (
					"$(inherited)",
					"@executable_path/Frameworks",
					"@loader_path/Frameworks",
				);
				PRODUCT_BUNDLE_IDENTIFIER = vn.map4d.ViewModel;
				PRODUCT_NAME = "$(TARGET_NAME:c99extidentifier)";
				SKIP_INSTALL = YES;
				SWIFT_OPTIMIZATION_LEVEL = "-Onone";
				SWIFT_VERSION = 5.0;
				TARGETED_DEVICE_FAMILY = "1,2";
				VERSIONING_SYSTEM = "apple-generic";
				VERSION_INFO_PREFIX = "";
			};
			name = Debug;
		};
		D1F166A026A814F800F8C034 /* Release */ = {
			isa = XCBuildConfiguration;
			baseConfigurationReference = 771F916CECA6684CA6D5668B /* Pods-ViewModel.release.xcconfig */;
			buildSettings = {
				CLANG_ENABLE_MODULES = YES;
				CODE_SIGN_STYLE = Automatic;
				CURRENT_PROJECT_VERSION = 1;
				DEFINES_MODULE = YES;
				DEVELOPMENT_TEAM = C9QT66NNBA;
				DYLIB_COMPATIBILITY_VERSION = 1;
				DYLIB_CURRENT_VERSION = 1;
				DYLIB_INSTALL_NAME_BASE = "@rpath";
				INFOPLIST_FILE = ViewModel/Info.plist;
				INSTALL_PATH = "$(LOCAL_LIBRARY_DIR)/Frameworks";
				IPHONEOS_DEPLOYMENT_TARGET = 11.0;
				LD_RUNPATH_SEARCH_PATHS = (
					"$(inherited)",
					"@executable_path/Frameworks",
					"@loader_path/Frameworks",
				);
				PRODUCT_BUNDLE_IDENTIFIER = vn.map4d.ViewModel;
				PRODUCT_NAME = "$(TARGET_NAME:c99extidentifier)";
				SKIP_INSTALL = YES;
				SWIFT_VERSION = 5.0;
				TARGETED_DEVICE_FAMILY = "1,2";
				VERSIONING_SYSTEM = "apple-generic";
				VERSION_INFO_PREFIX = "";
			};
			name = Release;
		};
		D1F166A226A814F800F8C034 /* Debug */ = {
			isa = XCBuildConfiguration;
			baseConfigurationReference = B5C181B8293973E6E86AD6C5 /* Pods-Map4D-ViewModelTests.debug.xcconfig */;
			buildSettings = {
				ALWAYS_EMBED_SWIFT_STANDARD_LIBRARIES = YES;
				CODE_SIGN_STYLE = Automatic;
				INFOPLIST_FILE = ViewModelTests/Info.plist;
				IPHONEOS_DEPLOYMENT_TARGET = 14.4;
				LD_RUNPATH_SEARCH_PATHS = (
					"$(inherited)",
					"@executable_path/Frameworks",
					"@loader_path/Frameworks",
				);
				PRODUCT_BUNDLE_IDENTIFIER = vn.map4d.ViewModelTests;
				PRODUCT_NAME = "$(TARGET_NAME)";
				SWIFT_VERSION = 5.0;
				TARGETED_DEVICE_FAMILY = "1,2";
				TEST_HOST = "$(BUILT_PRODUCTS_DIR)/Map4D.app/Map4D";
			};
			name = Debug;
		};
		D1F166A326A814F800F8C034 /* Release */ = {
			isa = XCBuildConfiguration;
			baseConfigurationReference = 92415DAEAD3CAD1CD71A89B9 /* Pods-Map4D-ViewModelTests.release.xcconfig */;
			buildSettings = {
				ALWAYS_EMBED_SWIFT_STANDARD_LIBRARIES = YES;
				CODE_SIGN_STYLE = Automatic;
				INFOPLIST_FILE = ViewModelTests/Info.plist;
				IPHONEOS_DEPLOYMENT_TARGET = 14.4;
				LD_RUNPATH_SEARCH_PATHS = (
					"$(inherited)",
					"@executable_path/Frameworks",
					"@loader_path/Frameworks",
				);
				PRODUCT_BUNDLE_IDENTIFIER = vn.map4d.ViewModelTests;
				PRODUCT_NAME = "$(TARGET_NAME)";
				SWIFT_VERSION = 5.0;
				TARGETED_DEVICE_FAMILY = "1,2";
				TEST_HOST = "$(BUILT_PRODUCTS_DIR)/Map4D.app/Map4D";
			};
			name = Release;
		};
/* End XCBuildConfiguration section */

/* Begin XCConfigurationList section */
		D10BEDB326AD3A9800EDB809 /* Build configuration list for PBXNativeTarget "Model" */ = {
			isa = XCConfigurationList;
			buildConfigurations = (
				D10BEDB426AD3A9800EDB809 /* Debug */,
				D10BEDB526AD3A9800EDB809 /* Release */,
			);
			defaultConfigurationIsVisible = 0;
			defaultConfigurationName = Release;
		};
		D10BEDB626AD3A9800EDB809 /* Build configuration list for PBXNativeTarget "ModelTests" */ = {
			isa = XCConfigurationList;
			buildConfigurations = (
				D10BEDB726AD3A9800EDB809 /* Debug */,
				D10BEDB826AD3A9800EDB809 /* Release */,
			);
			defaultConfigurationIsVisible = 0;
			defaultConfigurationName = Release;
		};
		D1F164E726A7FA3000F8C034 /* Build configuration list for PBXProject "Map4D" */ = {
			isa = XCConfigurationList;
			buildConfigurations = (
				D1F1651426A7FA3500F8C034 /* Debug */,
				D1F1651526A7FA3500F8C034 /* Release */,
			);
			defaultConfigurationIsVisible = 0;
			defaultConfigurationName = Release;
		};
		D1F1651626A7FA3500F8C034 /* Build configuration list for PBXNativeTarget "Map4D" */ = {
			isa = XCConfigurationList;
			buildConfigurations = (
				D1F1651726A7FA3500F8C034 /* Debug */,
				D1F1651826A7FA3500F8C034 /* Release */,
			);
			defaultConfigurationIsVisible = 0;
			defaultConfigurationName = Release;
		};
		D1F1651926A7FA3500F8C034 /* Build configuration list for PBXNativeTarget "Map4DTests" */ = {
			isa = XCConfigurationList;
			buildConfigurations = (
				D1F1651A26A7FA3500F8C034 /* Debug */,
				D1F1651B26A7FA3500F8C034 /* Release */,
			);
			defaultConfigurationIsVisible = 0;
			defaultConfigurationName = Release;
		};
		D1F1651C26A7FA3500F8C034 /* Build configuration list for PBXNativeTarget "Map4DUITests" */ = {
			isa = XCConfigurationList;
			buildConfigurations = (
				D1F1651D26A7FA3500F8C034 /* Debug */,
				D1F1651E26A7FA3500F8C034 /* Release */,
			);
			defaultConfigurationIsVisible = 0;
			defaultConfigurationName = Release;
		};
		D1F1669E26A814F800F8C034 /* Build configuration list for PBXNativeTarget "ViewModel" */ = {
			isa = XCConfigurationList;
			buildConfigurations = (
				D1F1669F26A814F800F8C034 /* Debug */,
				D1F166A026A814F800F8C034 /* Release */,
			);
			defaultConfigurationIsVisible = 0;
			defaultConfigurationName = Release;
		};
		D1F166A126A814F800F8C034 /* Build configuration list for PBXNativeTarget "ViewModelTests" */ = {
			isa = XCConfigurationList;
			buildConfigurations = (
				D1F166A226A814F800F8C034 /* Debug */,
				D1F166A326A814F800F8C034 /* Release */,
			);
			defaultConfigurationIsVisible = 0;
			defaultConfigurationName = Release;
		};
/* End XCConfigurationList section */
	};
	rootObject = D1F164E426A7FA3000F8C034 /* Project object */;
}
