// !$*UTF8*$!
{
	archiveVersion = 1;
	classes = {
	};
	objectVersion = 51;
	objects = {

/* Begin PBXBuildFile section */
		3A344FAC24CC0110E12A2A60 /* Pods_demoTests.framework in Frameworks */ = {isa = PBXBuildFile; fileRef = 16E6F23F0C801833AA9C0875 /* Pods_demoTests.framework */; };
		4039636FE68DD6E96663198A /* Pods_demo_demoUITests.framework in Frameworks */ = {isa = PBXBuildFile; fileRef = C5CE02718C86D5D5DF60DE60 /* Pods_demo_demoUITests.framework */; };
		A8CA39393ADD725AECDDE2CA /* Pods_demo.framework in Frameworks */ = {isa = PBXBuildFile; fileRef = 0A7A77E312340C5A3CF88941 /* Pods_demo.framework */; };
		D16C871B26A7D3E90097270B /* AppDelegate.swift in Sources */ = {isa = PBXBuildFile; fileRef = D16C871A26A7D3E90097270B /* AppDelegate.swift */; };
		D16C871F26A7D3E90097270B /* ViewController.swift in Sources */ = {isa = PBXBuildFile; fileRef = D16C871E26A7D3E90097270B /* ViewController.swift */; };
		D16C872226A7D3E90097270B /* Main.storyboard in Resources */ = {isa = PBXBuildFile; fileRef = D16C872026A7D3E90097270B /* Main.storyboard */; };
		D16C872426A7D3F20097270B /* Assets.xcassets in Resources */ = {isa = PBXBuildFile; fileRef = D16C872326A7D3F20097270B /* Assets.xcassets */; };
		D16C872726A7D3F20097270B /* LaunchScreen.storyboard in Resources */ = {isa = PBXBuildFile; fileRef = D16C872526A7D3F20097270B /* LaunchScreen.storyboard */; };
		D16C873226A7D3F40097270B /* demoTests.swift in Sources */ = {isa = PBXBuildFile; fileRef = D16C873126A7D3F40097270B /* demoTests.swift */; };
		D16C873D26A7D3F40097270B /* demoUITests.swift in Sources */ = {isa = PBXBuildFile; fileRef = D16C873C26A7D3F40097270B /* demoUITests.swift */; };
		D16C875A26A7D73F0097270B /* NewViewController.swift in Sources */ = {isa = PBXBuildFile; fileRef = D16C875926A7D73F0097270B /* NewViewController.swift */; };
		D16C875F26A7D7E00097270B /* NewViewController.storyboard in Resources */ = {isa = PBXBuildFile; fileRef = D16C875E26A7D7E00097270B /* NewViewController.storyboard */; };
/* End PBXBuildFile section */

/* Begin PBXContainerItemProxy section */
		D16C872E26A7D3F40097270B /* PBXContainerItemProxy */ = {
			isa = PBXContainerItemProxy;
			containerPortal = D16C870F26A7D3E80097270B /* Project object */;
			proxyType = 1;
			remoteGlobalIDString = D16C871626A7D3E90097270B;
			remoteInfo = demo;
		};
		D16C873926A7D3F40097270B /* PBXContainerItemProxy */ = {
			isa = PBXContainerItemProxy;
			containerPortal = D16C870F26A7D3E80097270B /* Project object */;
			proxyType = 1;
			remoteGlobalIDString = D16C871626A7D3E90097270B;
			remoteInfo = demo;
		};
/* End PBXContainerItemProxy section */

/* Begin PBXFileReference section */
		0A7A77E312340C5A3CF88941 /* Pods_demo.framework */ = {isa = PBXFileReference; explicitFileType = wrapper.framework; includeInIndex = 0; path = Pods_demo.framework; sourceTree = BUILT_PRODUCTS_DIR; };
		16E6F23F0C801833AA9C0875 /* Pods_demoTests.framework */ = {isa = PBXFileReference; explicitFileType = wrapper.framework; includeInIndex = 0; path = Pods_demoTests.framework; sourceTree = BUILT_PRODUCTS_DIR; };
		3A7FFDE687DE0CCD1BFC2B83 /* Pods-demo-demoUITests.debug.xcconfig */ = {isa = PBXFileReference; includeInIndex = 1; lastKnownFileType = text.xcconfig; name = "Pods-demo-demoUITests.debug.xcconfig"; path = "Target Support Files/Pods-demo-demoUITests/Pods-demo-demoUITests.debug.xcconfig"; sourceTree = "<group>"; };
		535057C9B26A044596C68627 /* Pods-demo.debug.xcconfig */ = {isa = PBXFileReference; includeInIndex = 1; lastKnownFileType = text.xcconfig; name = "Pods-demo.debug.xcconfig"; path = "Target Support Files/Pods-demo/Pods-demo.debug.xcconfig"; sourceTree = "<group>"; };
		684B87D2725213E6811F86DC /* Pods-demo-demoUITests.release.xcconfig */ = {isa = PBXFileReference; includeInIndex = 1; lastKnownFileType = text.xcconfig; name = "Pods-demo-demoUITests.release.xcconfig"; path = "Target Support Files/Pods-demo-demoUITests/Pods-demo-demoUITests.release.xcconfig"; sourceTree = "<group>"; };
		7559703F759AD92382DD04D9 /* Pods-demo.release.xcconfig */ = {isa = PBXFileReference; includeInIndex = 1; lastKnownFileType = text.xcconfig; name = "Pods-demo.release.xcconfig"; path = "Target Support Files/Pods-demo/Pods-demo.release.xcconfig"; sourceTree = "<group>"; };
		789633DBA7DAB6E349BFB8EE /* Pods-demoTests.debug.xcconfig */ = {isa = PBXFileReference; includeInIndex = 1; lastKnownFileType = text.xcconfig; name = "Pods-demoTests.debug.xcconfig"; path = "Target Support Files/Pods-demoTests/Pods-demoTests.debug.xcconfig"; sourceTree = "<group>"; };
		C5CE02718C86D5D5DF60DE60 /* Pods_demo_demoUITests.framework */ = {isa = PBXFileReference; explicitFileType = wrapper.framework; includeInIndex = 0; path = Pods_demo_demoUITests.framework; sourceTree = BUILT_PRODUCTS_DIR; };
		D16C871726A7D3E90097270B /* demo.app */ = {isa = PBXFileReference; explicitFileType = wrapper.application; includeInIndex = 0; path = demo.app; sourceTree = BUILT_PRODUCTS_DIR; };
		D16C871A26A7D3E90097270B /* AppDelegate.swift */ = {isa = PBXFileReference; lastKnownFileType = sourcecode.swift; path = AppDelegate.swift; sourceTree = "<group>"; };
		D16C871E26A7D3E90097270B /* ViewController.swift */ = {isa = PBXFileReference; lastKnownFileType = sourcecode.swift; path = ViewController.swift; sourceTree = "<group>"; };
		D16C872126A7D3E90097270B /* Base */ = {isa = PBXFileReference; lastKnownFileType = file.storyboard; name = Base; path = Base.lproj/Main.storyboard; sourceTree = "<group>"; };
		D16C872326A7D3F20097270B /* Assets.xcassets */ = {isa = PBXFileReference; lastKnownFileType = folder.assetcatalog; path = Assets.xcassets; sourceTree = "<group>"; };
		D16C872626A7D3F20097270B /* Base */ = {isa = PBXFileReference; lastKnownFileType = file.storyboard; name = Base; path = Base.lproj/LaunchScreen.storyboard; sourceTree = "<group>"; };
		D16C872826A7D3F20097270B /* Info.plist */ = {isa = PBXFileReference; lastKnownFileType = text.plist.xml; path = Info.plist; sourceTree = "<group>"; };
		D16C872D26A7D3F40097270B /* demoTests.xctest */ = {isa = PBXFileReference; explicitFileType = wrapper.cfbundle; includeInIndex = 0; path = demoTests.xctest; sourceTree = BUILT_PRODUCTS_DIR; };
		D16C873126A7D3F40097270B /* demoTests.swift */ = {isa = PBXFileReference; lastKnownFileType = sourcecode.swift; path = demoTests.swift; sourceTree = "<group>"; };
		D16C873326A7D3F40097270B /* Info.plist */ = {isa = PBXFileReference; lastKnownFileType = text.plist.xml; path = Info.plist; sourceTree = "<group>"; };
		D16C873826A7D3F40097270B /* demoUITests.xctest */ = {isa = PBXFileReference; explicitFileType = wrapper.cfbundle; includeInIndex = 0; path = demoUITests.xctest; sourceTree = BUILT_PRODUCTS_DIR; };
		D16C873C26A7D3F40097270B /* demoUITests.swift */ = {isa = PBXFileReference; lastKnownFileType = sourcecode.swift; path = demoUITests.swift; sourceTree = "<group>"; };
		D16C873E26A7D3F40097270B /* Info.plist */ = {isa = PBXFileReference; lastKnownFileType = text.plist.xml; path = Info.plist; sourceTree = "<group>"; };
		D16C875926A7D73F0097270B /* NewViewController.swift */ = {isa = PBXFileReference; lastKnownFileType = sourcecode.swift; path = NewViewController.swift; sourceTree = "<group>"; };
		D16C875E26A7D7E00097270B /* NewViewController.storyboard */ = {isa = PBXFileReference; lastKnownFileType = file.storyboard; path = NewViewController.storyboard; sourceTree = "<group>"; };
		DB6FF87ED40C5F321BCA938B /* Pods-demoTests.release.xcconfig */ = {isa = PBXFileReference; includeInIndex = 1; lastKnownFileType = text.xcconfig; name = "Pods-demoTests.release.xcconfig"; path = "Target Support Files/Pods-demoTests/Pods-demoTests.release.xcconfig"; sourceTree = "<group>"; };
/* End PBXFileReference section */

/* Begin PBXFrameworksBuildPhase section */
		D16C871426A7D3E90097270B /* Frameworks */ = {
			isa = PBXFrameworksBuildPhase;
			buildActionMask = 2147483647;
			files = (
				A8CA39393ADD725AECDDE2CA /* Pods_demo.framework in Frameworks */,
			);
			runOnlyForDeploymentPostprocessing = 0;
		};
		D16C872A26A7D3F40097270B /* Frameworks */ = {
			isa = PBXFrameworksBuildPhase;
			buildActionMask = 2147483647;
			files = (
				3A344FAC24CC0110E12A2A60 /* Pods_demoTests.framework in Frameworks */,
			);
			runOnlyForDeploymentPostprocessing = 0;
		};
		D16C873526A7D3F40097270B /* Frameworks */ = {
			isa = PBXFrameworksBuildPhase;
			buildActionMask = 2147483647;
			files = (
				4039636FE68DD6E96663198A /* Pods_demo_demoUITests.framework in Frameworks */,
			);
			runOnlyForDeploymentPostprocessing = 0;
		};
/* End PBXFrameworksBuildPhase section */

/* Begin PBXGroup section */
		96B44E7D86BB79E9FBF3D9D2 /* Frameworks */ = {
			isa = PBXGroup;
			children = (
				0A7A77E312340C5A3CF88941 /* Pods_demo.framework */,
				C5CE02718C86D5D5DF60DE60 /* Pods_demo_demoUITests.framework */,
				16E6F23F0C801833AA9C0875 /* Pods_demoTests.framework */,
			);
			name = Frameworks;
			sourceTree = "<group>";
		};
		BEB0BDECD16BE2E087005B33 /* Pods */ = {
			isa = PBXGroup;
			children = (
				535057C9B26A044596C68627 /* Pods-demo.debug.xcconfig */,
				7559703F759AD92382DD04D9 /* Pods-demo.release.xcconfig */,
				3A7FFDE687DE0CCD1BFC2B83 /* Pods-demo-demoUITests.debug.xcconfig */,
				684B87D2725213E6811F86DC /* Pods-demo-demoUITests.release.xcconfig */,
				789633DBA7DAB6E349BFB8EE /* Pods-demoTests.debug.xcconfig */,
				DB6FF87ED40C5F321BCA938B /* Pods-demoTests.release.xcconfig */,
			);
			path = Pods;
			sourceTree = "<group>";
		};
		D16C870E26A7D3E80097270B = {
			isa = PBXGroup;
			children = (
				D16C871926A7D3E90097270B /* demo */,
				D16C873026A7D3F40097270B /* demoTests */,
				D16C873B26A7D3F40097270B /* demoUITests */,
				D16C871826A7D3E90097270B /* Products */,
				BEB0BDECD16BE2E087005B33 /* Pods */,
				96B44E7D86BB79E9FBF3D9D2 /* Frameworks */,
			);
			sourceTree = "<group>";
		};
		D16C871826A7D3E90097270B /* Products */ = {
			isa = PBXGroup;
			children = (
				D16C871726A7D3E90097270B /* demo.app */,
				D16C872D26A7D3F40097270B /* demoTests.xctest */,
				D16C873826A7D3F40097270B /* demoUITests.xctest */,
			);
			name = Products;
			sourceTree = "<group>";
		};
		D16C871926A7D3E90097270B /* demo */ = {
			isa = PBXGroup;
			children = (
				D16C871A26A7D3E90097270B /* AppDelegate.swift */,
				D16C871E26A7D3E90097270B /* ViewController.swift */,
				D16C872026A7D3E90097270B /* Main.storyboard */,
				D16C872326A7D3F20097270B /* Assets.xcassets */,
				D16C872526A7D3F20097270B /* LaunchScreen.storyboard */,
				D16C872826A7D3F20097270B /* Info.plist */,
				D16C875926A7D73F0097270B /* NewViewController.swift */,
				D16C875E26A7D7E00097270B /* NewViewController.storyboard */,
			);
			path = demo;
			sourceTree = "<group>";
		};
		D16C873026A7D3F40097270B /* demoTests */ = {
			isa = PBXGroup;
			children = (
				D16C873126A7D3F40097270B /* demoTests.swift */,
				D16C873326A7D3F40097270B /* Info.plist */,
			);
			path = demoTests;
			sourceTree = "<group>";
		};
		D16C873B26A7D3F40097270B /* demoUITests */ = {
			isa = PBXGroup;
			children = (
				D16C873C26A7D3F40097270B /* demoUITests.swift */,
				D16C873E26A7D3F40097270B /* Info.plist */,
			);
			path = demoUITests;
			sourceTree = "<group>";
		};
/* End PBXGroup section */

/* Begin PBXNativeTarget section */
		D16C871626A7D3E90097270B /* demo */ = {
			isa = PBXNativeTarget;
			buildConfigurationList = D16C874126A7D3F40097270B /* Build configuration list for PBXNativeTarget "demo" */;
			buildPhases = (
				32A24CB0CB756DC7AD38D4F2 /* [CP] Check Pods Manifest.lock */,
				D16C871326A7D3E90097270B /* Sources */,
				D16C871426A7D3E90097270B /* Frameworks */,
				D16C871526A7D3E90097270B /* Resources */,
				83CE580841B2F27D4DC4F3B6 /* [CP] Embed Pods Frameworks */,
			);
			buildRules = (
			);
			dependencies = (
			);
			name = demo;
			productName = demo;
			productReference = D16C871726A7D3E90097270B /* demo.app */;
			productType = "com.apple.product-type.application";
		};
		D16C872C26A7D3F40097270B /* demoTests */ = {
			isa = PBXNativeTarget;
			buildConfigurationList = D16C874426A7D3F40097270B /* Build configuration list for PBXNativeTarget "demoTests" */;
			buildPhases = (
				57530FC228270D63CB06A339 /* [CP] Check Pods Manifest.lock */,
				D16C872926A7D3F40097270B /* Sources */,
				D16C872A26A7D3F40097270B /* Frameworks */,
				D16C872B26A7D3F40097270B /* Resources */,
			);
			buildRules = (
			);
			dependencies = (
				D16C872F26A7D3F40097270B /* PBXTargetDependency */,
			);
			name = demoTests;
			productName = demoTests;
			productReference = D16C872D26A7D3F40097270B /* demoTests.xctest */;
			productType = "com.apple.product-type.bundle.unit-test";
		};
		D16C873726A7D3F40097270B /* demoUITests */ = {
			isa = PBXNativeTarget;
			buildConfigurationList = D16C874726A7D3F40097270B /* Build configuration list for PBXNativeTarget "demoUITests" */;
			buildPhases = (
				C07E69AA92ECB261F32EAF9B /* [CP] Check Pods Manifest.lock */,
				D16C873426A7D3F40097270B /* Sources */,
				D16C873526A7D3F40097270B /* Frameworks */,
				D16C873626A7D3F40097270B /* Resources */,
				6072722A8131D88EBE51480E /* [CP] Embed Pods Frameworks */,
			);
			buildRules = (
			);
			dependencies = (
				D16C873A26A7D3F40097270B /* PBXTargetDependency */,
			);
			name = demoUITests;
			productName = demoUITests;
			productReference = D16C873826A7D3F40097270B /* demoUITests.xctest */;
			productType = "com.apple.product-type.bundle.ui-testing";
		};
/* End PBXNativeTarget section */

/* Begin PBXProject section */
		D16C870F26A7D3E80097270B /* Project object */ = {
			isa = PBXProject;
			attributes = {
				LastSwiftUpdateCheck = 1240;
				LastUpgradeCheck = 1240;
				TargetAttributes = {
					D16C871626A7D3E90097270B = {
						CreatedOnToolsVersion = 12.4;
					};
					D16C872C26A7D3F40097270B = {
						CreatedOnToolsVersion = 12.4;
						TestTargetID = D16C871626A7D3E90097270B;
					};
					D16C873726A7D3F40097270B = {
						CreatedOnToolsVersion = 12.4;
						TestTargetID = D16C871626A7D3E90097270B;
					};
				};
			};
			buildConfigurationList = D16C871226A7D3E80097270B /* Build configuration list for PBXProject "demo" */;
			compatibilityVersion = "Xcode 9.3";
			developmentRegion = en;
			hasScannedForEncodings = 0;
			knownRegions = (
				en,
				Base,
			);
			mainGroup = D16C870E26A7D3E80097270B;
			productRefGroup = D16C871826A7D3E90097270B /* Products */;
			projectDirPath = "";
			projectRoot = "";
			targets = (
				D16C871626A7D3E90097270B /* demo */,
				D16C872C26A7D3F40097270B /* demoTests */,
				D16C873726A7D3F40097270B /* demoUITests */,
			);
		};
/* End PBXProject section */

/* Begin PBXResourcesBuildPhase section */
		D16C871526A7D3E90097270B /* Resources */ = {
			isa = PBXResourcesBuildPhase;
			buildActionMask = 2147483647;
			files = (
				D16C875F26A7D7E00097270B /* NewViewController.storyboard in Resources */,
				D16C872726A7D3F20097270B /* LaunchScreen.storyboard in Resources */,
				D16C872426A7D3F20097270B /* Assets.xcassets in Resources */,
				D16C872226A7D3E90097270B /* Main.storyboard in Resources */,
			);
			runOnlyForDeploymentPostprocessing = 0;
		};
		D16C872B26A7D3F40097270B /* Resources */ = {
			isa = PBXResourcesBuildPhase;
			buildActionMask = 2147483647;
			files = (
			);
			runOnlyForDeploymentPostprocessing = 0;
		};
		D16C873626A7D3F40097270B /* Resources */ = {
			isa = PBXResourcesBuildPhase;
			buildActionMask = 2147483647;
			files = (
			);
			runOnlyForDeploymentPostprocessing = 0;
		};
/* End PBXResourcesBuildPhase section */

/* Begin PBXShellScriptBuildPhase section */
		32A24CB0CB756DC7AD38D4F2 /* [CP] Check Pods Manifest.lock */ = {
			isa = PBXShellScriptBuildPhase;
			buildActionMask = 2147483647;
			files = (
			);
			inputFileListPaths = (
			);
			inputPaths = (
				"${PODS_PODFILE_DIR_PATH}/Podfile.lock",
				"${PODS_ROOT}/Manifest.lock",
			);
			name = "[CP] Check Pods Manifest.lock";
			outputFileListPaths = (
			);
			outputPaths = (
				"$(DERIVED_FILE_DIR)/Pods-demo-checkManifestLockResult.txt",
			);
			runOnlyForDeploymentPostprocessing = 0;
			shellPath = /bin/sh;
			shellScript = "diff \"${PODS_PODFILE_DIR_PATH}/Podfile.lock\" \"${PODS_ROOT}/Manifest.lock\" > /dev/null\nif [ $? != 0 ] ; then\n    # print error to STDERR\n    echo \"error: The sandbox is not in sync with the Podfile.lock. Run 'pod install' or update your CocoaPods installation.\" >&2\n    exit 1\nfi\n# This output is used by Xcode 'outputs' to avoid re-running this script phase.\necho \"SUCCESS\" > \"${SCRIPT_OUTPUT_FILE_0}\"\n";
			showEnvVarsInLog = 0;
		};
		57530FC228270D63CB06A339 /* [CP] Check Pods Manifest.lock */ = {
			isa = PBXShellScriptBuildPhase;
			buildActionMask = 2147483647;
			files = (
			);
			inputFileListPaths = (
			);
			inputPaths = (
				"${PODS_PODFILE_DIR_PATH}/Podfile.lock",
				"${PODS_ROOT}/Manifest.lock",
			);
			name = "[CP] Check Pods Manifest.lock";
			outputFileListPaths = (
			);
			outputPaths = (
				"$(DERIVED_FILE_DIR)/Pods-demoTests-checkManifestLockResult.txt",
			);
			runOnlyForDeploymentPostprocessing = 0;
			shellPath = /bin/sh;
			shellScript = "diff \"${PODS_PODFILE_DIR_PATH}/Podfile.lock\" \"${PODS_ROOT}/Manifest.lock\" > /dev/null\nif [ $? != 0 ] ; then\n    # print error to STDERR\n    echo \"error: The sandbox is not in sync with the Podfile.lock. Run 'pod install' or update your CocoaPods installation.\" >&2\n    exit 1\nfi\n# This output is used by Xcode 'outputs' to avoid re-running this script phase.\necho \"SUCCESS\" > \"${SCRIPT_OUTPUT_FILE_0}\"\n";
			showEnvVarsInLog = 0;
		};
		6072722A8131D88EBE51480E /* [CP] Embed Pods Frameworks */ = {
			isa = PBXShellScriptBuildPhase;
			buildActionMask = 2147483647;
			files = (
			);
			inputFileListPaths = (
				"${PODS_ROOT}/Target Support Files/Pods-demo-demoUITests/Pods-demo-demoUITests-frameworks-${CONFIGURATION}-input-files.xcfilelist",
			);
			name = "[CP] Embed Pods Frameworks";
			outputFileListPaths = (
				"${PODS_ROOT}/Target Support Files/Pods-demo-demoUITests/Pods-demo-demoUITests-frameworks-${CONFIGURATION}-output-files.xcfilelist",
			);
			runOnlyForDeploymentPostprocessing = 0;
			shellPath = /bin/sh;
			shellScript = "\"${PODS_ROOT}/Target Support Files/Pods-demo-demoUITests/Pods-demo-demoUITests-frameworks.sh\"\n";
			showEnvVarsInLog = 0;
		};
		83CE580841B2F27D4DC4F3B6 /* [CP] Embed Pods Frameworks */ = {
			isa = PBXShellScriptBuildPhase;
			buildActionMask = 2147483647;
			files = (
			);
			inputFileListPaths = (
				"${PODS_ROOT}/Target Support Files/Pods-demo/Pods-demo-frameworks-${CONFIGURATION}-input-files.xcfilelist",
			);
			name = "[CP] Embed Pods Frameworks";
			outputFileListPaths = (
				"${PODS_ROOT}/Target Support Files/Pods-demo/Pods-demo-frameworks-${CONFIGURATION}-output-files.xcfilelist",
			);
			runOnlyForDeploymentPostprocessing = 0;
			shellPath = /bin/sh;
			shellScript = "\"${PODS_ROOT}/Target Support Files/Pods-demo/Pods-demo-frameworks.sh\"\n";
			showEnvVarsInLog = 0;
		};
		C07E69AA92ECB261F32EAF9B /* [CP] Check Pods Manifest.lock */ = {
			isa = PBXShellScriptBuildPhase;
			buildActionMask = 2147483647;
			files = (
			);
			inputFileListPaths = (
			);
			inputPaths = (
				"${PODS_PODFILE_DIR_PATH}/Podfile.lock",
				"${PODS_ROOT}/Manifest.lock",
			);
			name = "[CP] Check Pods Manifest.lock";
			outputFileListPaths = (
			);
			outputPaths = (
				"$(DERIVED_FILE_DIR)/Pods-demo-demoUITests-checkManifestLockResult.txt",
			);
			runOnlyForDeploymentPostprocessing = 0;
			shellPath = /bin/sh;
			shellScript = "diff \"${PODS_PODFILE_DIR_PATH}/Podfile.lock\" \"${PODS_ROOT}/Manifest.lock\" > /dev/null\nif [ $? != 0 ] ; then\n    # print error to STDERR\n    echo \"error: The sandbox is not in sync with the Podfile.lock. Run 'pod install' or update your CocoaPods installation.\" >&2\n    exit 1\nfi\n# This output is used by Xcode 'outputs' to avoid re-running this script phase.\necho \"SUCCESS\" > \"${SCRIPT_OUTPUT_FILE_0}\"\n";
			showEnvVarsInLog = 0;
		};
/* End PBXShellScriptBuildPhase section */

/* Begin PBXSourcesBuildPhase section */
		D16C871326A7D3E90097270B /* Sources */ = {
			isa = PBXSourcesBuildPhase;
			buildActionMask = 2147483647;
			files = (
				D16C875A26A7D73F0097270B /* NewViewController.swift in Sources */,
				D16C871F26A7D3E90097270B /* ViewController.swift in Sources */,
				D16C871B26A7D3E90097270B /* AppDelegate.swift in Sources */,
			);
			runOnlyForDeploymentPostprocessing = 0;
		};
		D16C872926A7D3F40097270B /* Sources */ = {
			isa = PBXSourcesBuildPhase;
			buildActionMask = 2147483647;
			files = (
				D16C873226A7D3F40097270B /* demoTests.swift in Sources */,
			);
			runOnlyForDeploymentPostprocessing = 0;
		};
		D16C873426A7D3F40097270B /* Sources */ = {
			isa = PBXSourcesBuildPhase;
			buildActionMask = 2147483647;
			files = (
				D16C873D26A7D3F40097270B /* demoUITests.swift in Sources */,
			);
			runOnlyForDeploymentPostprocessing = 0;
		};
/* End PBXSourcesBuildPhase section */

/* Begin PBXTargetDependency section */
		D16C872F26A7D3F40097270B /* PBXTargetDependency */ = {
			isa = PBXTargetDependency;
			target = D16C871626A7D3E90097270B /* demo */;
			targetProxy = D16C872E26A7D3F40097270B /* PBXContainerItemProxy */;
		};
		D16C873A26A7D3F40097270B /* PBXTargetDependency */ = {
			isa = PBXTargetDependency;
			target = D16C871626A7D3E90097270B /* demo */;
			targetProxy = D16C873926A7D3F40097270B /* PBXContainerItemProxy */;
		};
/* End PBXTargetDependency section */

/* Begin PBXVariantGroup section */
		D16C872026A7D3E90097270B /* Main.storyboard */ = {
			isa = PBXVariantGroup;
			children = (
				D16C872126A7D3E90097270B /* Base */,
			);
			name = Main.storyboard;
			sourceTree = "<group>";
		};
		D16C872526A7D3F20097270B /* LaunchScreen.storyboard */ = {
			isa = PBXVariantGroup;
			children = (
				D16C872626A7D3F20097270B /* Base */,
			);
			name = LaunchScreen.storyboard;
			sourceTree = "<group>";
		};
/* End PBXVariantGroup section */

/* Begin XCBuildConfiguration section */
		D16C873F26A7D3F40097270B /* Debug */ = {
			isa = XCBuildConfiguration;
			buildSettings = {
				ALWAYS_SEARCH_USER_PATHS = NO;
				CLANG_ANALYZER_NONNULL = YES;
				CLANG_ANALYZER_NUMBER_OBJECT_CONVERSION = YES_AGGRESSIVE;
				CLANG_CXX_LANGUAGE_STANDARD = "gnu++14";
				CLANG_CXX_LIBRARY = "libc++";
				CLANG_ENABLE_MODULES = YES;
				CLANG_ENABLE_OBJC_ARC = YES;
				CLANG_ENABLE_OBJC_WEAK = YES;
				CLANG_WARN_BLOCK_CAPTURE_AUTORELEASING = YES;
				CLANG_WARN_BOOL_CONVERSION = YES;
				CLANG_WARN_COMMA = YES;
				CLANG_WARN_CONSTANT_CONVERSION = YES;
				CLANG_WARN_DEPRECATED_OBJC_IMPLEMENTATIONS = YES;
				CLANG_WARN_DIRECT_OBJC_ISA_USAGE = YES_ERROR;
				CLANG_WARN_DOCUMENTATION_COMMENTS = YES;
				CLANG_WARN_EMPTY_BODY = YES;
				CLANG_WARN_ENUM_CONVERSION = YES;
				CLANG_WARN_INFINITE_RECURSION = YES;
				CLANG_WARN_INT_CONVERSION = YES;
				CLANG_WARN_NON_LITERAL_NULL_CONVERSION = YES;
				CLANG_WARN_OBJC_IMPLICIT_RETAIN_SELF = YES;
				CLANG_WARN_OBJC_LITERAL_CONVERSION = YES;
				CLANG_WARN_OBJC_ROOT_CLASS = YES_ERROR;
				CLANG_WARN_QUOTED_INCLUDE_IN_FRAMEWORK_HEADER = YES;
				CLANG_WARN_RANGE_LOOP_ANALYSIS = YES;
				CLANG_WARN_STRICT_PROTOTYPES = YES;
				CLANG_WARN_SUSPICIOUS_MOVE = YES;
				CLANG_WARN_UNGUARDED_AVAILABILITY = YES_AGGRESSIVE;
				CLANG_WARN_UNREACHABLE_CODE = YES;
				CLANG_WARN__DUPLICATE_METHOD_MATCH = YES;
				COPY_PHASE_STRIP = NO;
				DEBUG_INFORMATION_FORMAT = dwarf;
				ENABLE_STRICT_OBJC_MSGSEND = YES;
				ENABLE_TESTABILITY = YES;
				GCC_C_LANGUAGE_STANDARD = gnu11;
				GCC_DYNAMIC_NO_PIC = NO;
				GCC_NO_COMMON_BLOCKS = YES;
				GCC_OPTIMIZATION_LEVEL = 0;
				GCC_PREPROCESSOR_DEFINITIONS = (
					"DEBUG=1",
					"$(inherited)",
				);
				GCC_WARN_64_TO_32_BIT_CONVERSION = YES;
				GCC_WARN_ABOUT_RETURN_TYPE = YES_ERROR;
				GCC_WARN_UNDECLARED_SELECTOR = YES;
				GCC_WARN_UNINITIALIZED_AUTOS = YES_AGGRESSIVE;
				GCC_WARN_UNUSED_FUNCTION = YES;
				GCC_WARN_UNUSED_VARIABLE = YES;
				IPHONEOS_DEPLOYMENT_TARGET = 12.1;
				MTL_ENABLE_DEBUG_INFO = INCLUDE_SOURCE;
				MTL_FAST_MATH = YES;
				ONLY_ACTIVE_ARCH = YES;
				SDKROOT = iphoneos;
				SWIFT_ACTIVE_COMPILATION_CONDITIONS = DEBUG;
				SWIFT_OPTIMIZATION_LEVEL = "-Onone";
			};
			name = Debug;
		};
		D16C874026A7D3F40097270B /* Release */ = {
			isa = XCBuildConfiguration;
			buildSettings = {
				ALWAYS_SEARCH_USER_PATHS = NO;
				CLANG_ANALYZER_NONNULL = YES;
				CLANG_ANALYZER_NUMBER_OBJECT_CONVERSION = YES_AGGRESSIVE;
				CLANG_CXX_LANGUAGE_STANDARD = "gnu++14";
				CLANG_CXX_LIBRARY = "libc++";
				CLANG_ENABLE_MODULES = YES;
				CLANG_ENABLE_OBJC_ARC = YES;
				CLANG_ENABLE_OBJC_WEAK = YES;
				CLANG_WARN_BLOCK_CAPTURE_AUTORELEASING = YES;
				CLANG_WARN_BOOL_CONVERSION = YES;
				CLANG_WARN_COMMA = YES;
				CLANG_WARN_CONSTANT_CONVERSION = YES;
				CLANG_WARN_DEPRECATED_OBJC_IMPLEMENTATIONS = YES;
				CLANG_WARN_DIRECT_OBJC_ISA_USAGE = YES_ERROR;
				CLANG_WARN_DOCUMENTATION_COMMENTS = YES;
				CLANG_WARN_EMPTY_BODY = YES;
				CLANG_WARN_ENUM_CONVERSION = YES;
				CLANG_WARN_INFINITE_RECURSION = YES;
				CLANG_WARN_INT_CONVERSION = YES;
				CLANG_WARN_NON_LITERAL_NULL_CONVERSION = YES;
				CLANG_WARN_OBJC_IMPLICIT_RETAIN_SELF = YES;
				CLANG_WARN_OBJC_LITERAL_CONVERSION = YES;
				CLANG_WARN_OBJC_ROOT_CLASS = YES_ERROR;
				CLANG_WARN_QUOTED_INCLUDE_IN_FRAMEWORK_HEADER = YES;
				CLANG_WARN_RANGE_LOOP_ANALYSIS = YES;
				CLANG_WARN_STRICT_PROTOTYPES = YES;
				CLANG_WARN_SUSPICIOUS_MOVE = YES;
				CLANG_WARN_UNGUARDED_AVAILABILITY = YES_AGGRESSIVE;
				CLANG_WARN_UNREACHABLE_CODE = YES;
				CLANG_WARN__DUPLICATE_METHOD_MATCH = YES;
				COPY_PHASE_STRIP = NO;
				DEBUG_INFORMATION_FORMAT = "dwarf-with-dsym";
				ENABLE_NS_ASSERTIONS = NO;
				ENABLE_STRICT_OBJC_MSGSEND = YES;
				GCC_C_LANGUAGE_STANDARD = gnu11;
				GCC_NO_COMMON_BLOCKS = YES;
				GCC_WARN_64_TO_32_BIT_CONVERSION = YES;
				GCC_WARN_ABOUT_RETURN_TYPE = YES_ERROR;
				GCC_WARN_UNDECLARED_SELECTOR = YES;
				GCC_WARN_UNINITIALIZED_AUTOS = YES_AGGRESSIVE;
				GCC_WARN_UNUSED_FUNCTION = YES;
				GCC_WARN_UNUSED_VARIABLE = YES;
				IPHONEOS_DEPLOYMENT_TARGET = 12.1;
				MTL_ENABLE_DEBUG_INFO = NO;
				MTL_FAST_MATH = YES;
				SDKROOT = iphoneos;
				SWIFT_COMPILATION_MODE = wholemodule;
				SWIFT_OPTIMIZATION_LEVEL = "-O";
				VALIDATE_PRODUCT = YES;
			};
			name = Release;
		};
		D16C874226A7D3F40097270B /* Debug */ = {
			isa = XCBuildConfiguration;
			baseConfigurationReference = 535057C9B26A044596C68627 /* Pods-demo.debug.xcconfig */;
			buildSettings = {
				ASSETCATALOG_COMPILER_APPICON_NAME = AppIcon;
				ASSETCATALOG_COMPILER_GLOBAL_ACCENT_COLOR_NAME = AccentColor;
				CODE_SIGN_STYLE = Automatic;
				DEVELOPMENT_TEAM = C9QT66NNBA;
				INFOPLIST_FILE = demo/Info.plist;
				LD_RUNPATH_SEARCH_PATHS = (
					"$(inherited)",
					"@executable_path/Frameworks",
				);
				PRODUCT_BUNDLE_IDENTIFIER = vn.PTcom.demo;
				PRODUCT_NAME = "$(TARGET_NAME)";
				SWIFT_VERSION = 5.0;
				TARGETED_DEVICE_FAMILY = "1,2";
			};
			name = Debug;
		};
		D16C874326A7D3F40097270B /* Release */ = {
			isa = XCBuildConfiguration;
			baseConfigurationReference = 7559703F759AD92382DD04D9 /* Pods-demo.release.xcconfig */;
			buildSettings = {
				ASSETCATALOG_COMPILER_APPICON_NAME = AppIcon;
				ASSETCATALOG_COMPILER_GLOBAL_ACCENT_COLOR_NAME = AccentColor;
				CODE_SIGN_STYLE = Automatic;
				DEVELOPMENT_TEAM = C9QT66NNBA;
				INFOPLIST_FILE = demo/Info.plist;
				LD_RUNPATH_SEARCH_PATHS = (
					"$(inherited)",
					"@executable_path/Frameworks",
				);
				PRODUCT_BUNDLE_IDENTIFIER = vn.PTcom.demo;
				PRODUCT_NAME = "$(TARGET_NAME)";
				SWIFT_VERSION = 5.0;
				TARGETED_DEVICE_FAMILY = "1,2";
			};
			name = Release;
		};
		D16C874526A7D3F40097270B /* Debug */ = {
			isa = XCBuildConfiguration;
			baseConfigurationReference = 789633DBA7DAB6E349BFB8EE /* Pods-demoTests.debug.xcconfig */;
			buildSettings = {
				ALWAYS_EMBED_SWIFT_STANDARD_LIBRARIES = YES;
				BUNDLE_LOADER = "$(TEST_HOST)";
				CODE_SIGN_STYLE = Automatic;
				INFOPLIST_FILE = demoTests/Info.plist;
				IPHONEOS_DEPLOYMENT_TARGET = 14.4;
				LD_RUNPATH_SEARCH_PATHS = (
					"$(inherited)",
					"@executable_path/Frameworks",
					"@loader_path/Frameworks",
				);
				PRODUCT_BUNDLE_IDENTIFIER = vn.PTcom.demoTests;
				PRODUCT_NAME = "$(TARGET_NAME)";
				SWIFT_VERSION = 5.0;
				TARGETED_DEVICE_FAMILY = "1,2";
				TEST_HOST = "$(BUILT_PRODUCTS_DIR)/demo.app/demo";
			};
			name = Debug;
		};
		D16C874626A7D3F40097270B /* Release */ = {
			isa = XCBuildConfiguration;
			baseConfigurationReference = DB6FF87ED40C5F321BCA938B /* Pods-demoTests.release.xcconfig */;
			buildSettings = {
				ALWAYS_EMBED_SWIFT_STANDARD_LIBRARIES = YES;
				BUNDLE_LOADER = "$(TEST_HOST)";
				CODE_SIGN_STYLE = Automatic;
				INFOPLIST_FILE = demoTests/Info.plist;
				IPHONEOS_DEPLOYMENT_TARGET = 14.4;
				LD_RUNPATH_SEARCH_PATHS = (
					"$(inherited)",
					"@executable_path/Frameworks",
					"@loader_path/Frameworks",
				);
				PRODUCT_BUNDLE_IDENTIFIER = vn.PTcom.demoTests;
				PRODUCT_NAME = "$(TARGET_NAME)";
				SWIFT_VERSION = 5.0;
				TARGETED_DEVICE_FAMILY = "1,2";
				TEST_HOST = "$(BUILT_PRODUCTS_DIR)/demo.app/demo";
			};
			name = Release;
		};
		D16C874826A7D3F40097270B /* Debug */ = {
			isa = XCBuildConfiguration;
			baseConfigurationReference = 3A7FFDE687DE0CCD1BFC2B83 /* Pods-demo-demoUITests.debug.xcconfig */;
			buildSettings = {
				ALWAYS_EMBED_SWIFT_STANDARD_LIBRARIES = YES;
				CODE_SIGN_STYLE = Automatic;
				INFOPLIST_FILE = demoUITests/Info.plist;
				LD_RUNPATH_SEARCH_PATHS = (
					"$(inherited)",
					"@executable_path/Frameworks",
					"@loader_path/Frameworks",
				);
				PRODUCT_BUNDLE_IDENTIFIER = vn.PTcom.demoUITests;
				PRODUCT_NAME = "$(TARGET_NAME)";
				SWIFT_VERSION = 5.0;
				TARGETED_DEVICE_FAMILY = "1,2";
				TEST_TARGET_NAME = demo;
			};
			name = Debug;
		};
		D16C874926A7D3F40097270B /* Release */ = {
			isa = XCBuildConfiguration;
			baseConfigurationReference = 684B87D2725213E6811F86DC /* Pods-demo-demoUITests.release.xcconfig */;
			buildSettings = {
				ALWAYS_EMBED_SWIFT_STANDARD_LIBRARIES = YES;
				CODE_SIGN_STYLE = Automatic;
				INFOPLIST_FILE = demoUITests/Info.plist;
				LD_RUNPATH_SEARCH_PATHS = (
					"$(inherited)",
					"@executable_path/Frameworks",
					"@loader_path/Frameworks",
				);
				PRODUCT_BUNDLE_IDENTIFIER = vn.PTcom.demoUITests;
				PRODUCT_NAME = "$(TARGET_NAME)";
				SWIFT_VERSION = 5.0;
				TARGETED_DEVICE_FAMILY = "1,2";
				TEST_TARGET_NAME = demo;
			};
			name = Release;
		};
/* End XCBuildConfiguration section */

/* Begin XCConfigurationList section */
		D16C871226A7D3E80097270B /* Build configuration list for PBXProject "demo" */ = {
			isa = XCConfigurationList;
			buildConfigurations = (
				D16C873F26A7D3F40097270B /* Debug */,
				D16C874026A7D3F40097270B /* Release */,
			);
			defaultConfigurationIsVisible = 0;
			defaultConfigurationName = Release;
		};
		D16C874126A7D3F40097270B /* Build configuration list for PBXNativeTarget "demo" */ = {
			isa = XCConfigurationList;
			buildConfigurations = (
				D16C874226A7D3F40097270B /* Debug */,
				D16C874326A7D3F40097270B /* Release */,
			);
			defaultConfigurationIsVisible = 0;
			defaultConfigurationName = Release;
		};
		D16C874426A7D3F40097270B /* Build configuration list for PBXNativeTarget "demoTests" */ = {
			isa = XCConfigurationList;
			buildConfigurations = (
				D16C874526A7D3F40097270B /* Debug */,
				D16C874626A7D3F40097270B /* Release */,
			);
			defaultConfigurationIsVisible = 0;
			defaultConfigurationName = Release;
		};
		D16C874726A7D3F40097270B /* Build configuration list for PBXNativeTarget "demoUITests" */ = {
			isa = XCConfigurationList;
			buildConfigurations = (
				D16C874826A7D3F40097270B /* Debug */,
				D16C874926A7D3F40097270B /* Release */,
			);
			defaultConfigurationIsVisible = 0;
			defaultConfigurationName = Release;
		};
/* End XCConfigurationList section */
	};
	rootObject = D16C870F26A7D3E80097270B /* Project object */;
}
